<?xml version="1.0" encoding="UTF-8"?>
<!DOCTYPE plist PUBLIC "-//Apple//DTD PLIST 1.0//EN" "http://www.apple.com/DTDs/PropertyList-1.0.dtd">
<plist version="1.0">
<dict>
	<key>archiveVersion</key>
	<string>1</string>
	<key>classes</key>
	<dict/>
	<key>objectVersion</key>
	<string>46</string>
	<key>objects</key>
	<dict>
		<key>12F87F4FA0EA416F910E0601</key>
		<dict>
			<key>includeInIndex</key>
			<string>1</string>
			<key>isa</key>
			<string>PBXFileReference</string>
			<key>lastKnownFileType</key>
			<string>text.xcconfig</string>
			<key>name</key>
			<string>Pods-EBStepCounter.xcconfig</string>
			<key>path</key>
			<string>Pods/Pods-EBStepCounter.xcconfig</string>
			<key>sourceTree</key>
			<string>&lt;group&gt;</string>
		</dict>
		<key>164635398820495FA9250497</key>
		<dict>
			<key>buildActionMask</key>
			<string>2147483647</string>
			<key>files</key>
			<array/>
			<key>inputPaths</key>
			<array/>
			<key>isa</key>
			<string>PBXShellScriptBuildPhase</string>
			<key>name</key>
			<string>Copy Pods Resources</string>
			<key>outputPaths</key>
			<array/>
			<key>runOnlyForDeploymentPostprocessing</key>
			<string>0</string>
			<key>shellPath</key>
			<string>/bin/sh</string>
			<key>shellScript</key>
			<string>"${SRCROOT}/Pods/Pods-EBStepCounter-resources.sh"
</string>
			<key>showEnvVarsInLog</key>
			<string>0</string>
		</dict>
		<key>1F5806A5103E4C969C7DD75C</key>
		<dict>
			<key>explicitFileType</key>
			<string>archive.ar</string>
			<key>includeInIndex</key>
			<string>0</string>
			<key>isa</key>
			<string>PBXFileReference</string>
			<key>path</key>
			<string>libPods-EBStepCounter.a</string>
			<key>sourceTree</key>
			<string>BUILT_PRODUCTS_DIR</string>
		</dict>
		<key>70BB82572B1840E1B9CF41D0</key>
		<dict>
			<key>explicitFileType</key>
			<string>archive.ar</string>
			<key>includeInIndex</key>
			<string>0</string>
			<key>isa</key>
			<string>PBXFileReference</string>
			<key>path</key>
			<string>libPods.a</string>
			<key>sourceTree</key>
			<string>BUILT_PRODUCTS_DIR</string>
		</dict>
		<key>7A05772D4EDA40EF8640A36D</key>
		<dict>
			<key>fileRef</key>
			<string>1F5806A5103E4C969C7DD75C</string>
			<key>isa</key>
			<string>PBXBuildFile</string>
		</dict>
		<key>8443D66B18DF267F000575E3</key>
		<dict>
			<key>children</key>
			<array>
				<string>8443D66C18DF267F000575E3</string>
				<string>8443D66D18DF267F000575E3</string>
			</array>
			<key>isa</key>
			<string>PBXGroup</string>
			<key>path</key>
			<string>Filert</string>
			<key>sourceTree</key>
			<string>&lt;group&gt;</string>
		</dict>
		<key>8443D66C18DF267F000575E3</key>
		<dict>
			<key>fileEncoding</key>
			<string>4</string>
			<key>isa</key>
			<string>PBXFileReference</string>
			<key>lastKnownFileType</key>
			<string>sourcecode.c.h</string>
			<key>path</key>
			<string>EBAccelerometerFilter.h</string>
			<key>sourceTree</key>
			<string>&lt;group&gt;</string>
		</dict>
		<key>8443D66D18DF267F000575E3</key>
		<dict>
			<key>fileEncoding</key>
			<string>4</string>
			<key>isa</key>
			<string>PBXFileReference</string>
			<key>lastKnownFileType</key>
			<string>sourcecode.c.objc</string>
			<key>path</key>
			<string>EBAccelerometerFilter.m</string>
			<key>sourceTree</key>
			<string>&lt;group&gt;</string>
		</dict>
		<key>8443D66E18DF267F000575E3</key>
		<dict>
			<key>children</key>
			<array>
				<string>8443D67D18DF2E55000575E3</string>
				<string>84B661C6199DDFF1000E525B</string>
				<string>84B661C5199DDFD9000E525B</string>
			</array>
			<key>isa</key>
			<string>PBXGroup</string>
			<key>path</key>
			<string>Manager</string>
			<key>sourceTree</key>
			<string>&lt;group&gt;</string>
		</dict>
		<key>8443D66F18DF267F000575E3</key>
		<dict>
			<key>fileRef</key>
			<string>8443D66D18DF267F000575E3</string>
			<key>isa</key>
			<string>PBXBuildFile</string>
		</dict>
		<key>8443D67018DF2738000575E3</key>
		<dict>
			<key>fileEncoding</key>
			<string>4</string>
			<key>isa</key>
			<string>PBXFileReference</string>
			<key>lastKnownFileType</key>
			<string>sourcecode.c.h</string>
			<key>path</key>
			<string>EBStepManager.h</string>
			<key>sourceTree</key>
			<string>&lt;group&gt;</string>
		</dict>
		<key>8443D67118DF2738000575E3</key>
		<dict>
			<key>fileEncoding</key>
			<string>4</string>
			<key>isa</key>
			<string>PBXFileReference</string>
			<key>lastKnownFileType</key>
			<string>sourcecode.c.objc</string>
			<key>path</key>
			<string>EBStepManager.m</string>
			<key>sourceTree</key>
			<string>&lt;group&gt;</string>
		</dict>
		<key>8443D67218DF2738000575E3</key>
		<dict>
			<key>fileRef</key>
			<string>8443D67118DF2738000575E3</string>
			<key>isa</key>
			<string>PBXBuildFile</string>
		</dict>
		<key>8443D67318DF27A3000575E3</key>
		<dict>
			<key>children</key>
			<array>
				<string>8443D67718DF2C61000575E3</string>
				<string>8443D67818DF2C61000575E3</string>
				<string>8443D67A18DF2C6E000575E3</string>
				<string>8443D67B18DF2C6E000575E3</string>
			</array>
			<key>isa</key>
			<string>PBXGroup</string>
			<key>name</key>
			<string>SubManager</string>
			<key>sourceTree</key>
			<string>&lt;group&gt;</string>
		</dict>
		<key>8443D67718DF2C61000575E3</key>
		<dict>
			<key>fileEncoding</key>
			<string>4</string>
			<key>isa</key>
			<string>PBXFileReference</string>
			<key>lastKnownFileType</key>
			<string>sourcecode.c.h</string>
			<key>path</key>
			<string>EBMotionManager.h</string>
			<key>sourceTree</key>
			<string>&lt;group&gt;</string>
		</dict>
		<key>8443D67818DF2C61000575E3</key>
		<dict>
			<key>fileEncoding</key>
			<string>4</string>
			<key>isa</key>
			<string>PBXFileReference</string>
			<key>lastKnownFileType</key>
			<string>sourcecode.c.objc</string>
			<key>path</key>
			<string>EBMotionManager.m</string>
			<key>sourceTree</key>
			<string>&lt;group&gt;</string>
		</dict>
		<key>8443D67918DF2C61000575E3</key>
		<dict>
			<key>fileRef</key>
			<string>8443D67818DF2C61000575E3</string>
			<key>isa</key>
			<string>PBXBuildFile</string>
		</dict>
		<key>8443D67A18DF2C6E000575E3</key>
		<dict>
			<key>fileEncoding</key>
			<string>4</string>
			<key>isa</key>
			<string>PBXFileReference</string>
			<key>lastKnownFileType</key>
			<string>sourcecode.c.h</string>
			<key>path</key>
			<string>EBM7Manager.h</string>
			<key>sourceTree</key>
			<string>&lt;group&gt;</string>
		</dict>
		<key>8443D67B18DF2C6E000575E3</key>
		<dict>
			<key>fileEncoding</key>
			<string>4</string>
			<key>isa</key>
			<string>PBXFileReference</string>
			<key>lastKnownFileType</key>
			<string>sourcecode.c.objc</string>
			<key>path</key>
			<string>EBM7Manager.m</string>
			<key>sourceTree</key>
			<string>&lt;group&gt;</string>
		</dict>
		<key>8443D67C18DF2C6E000575E3</key>
		<dict>
			<key>fileRef</key>
			<string>8443D67B18DF2C6E000575E3</string>
			<key>isa</key>
			<string>PBXBuildFile</string>
		</dict>
		<key>8443D67D18DF2E55000575E3</key>
		<dict>
			<key>isa</key>
			<string>PBXFileReference</string>
			<key>lastKnownFileType</key>
			<string>sourcecode.c.h</string>
			<key>path</key>
			<string>ManagerCommon.h</string>
			<key>sourceTree</key>
			<string>&lt;group&gt;</string>
		</dict>
		<key>8443D67E18DF2F47000575E3</key>
		<dict>
			<key>isa</key>
			<string>PBXFileReference</string>
			<key>lastKnownFileType</key>
			<string>wrapper.framework</string>
			<key>name</key>
			<string>CoreMotion.framework</string>
			<key>path</key>
			<string>System/Library/Frameworks/CoreMotion.framework</string>
			<key>sourceTree</key>
			<string>SDKROOT</string>
		</dict>
		<key>8443D67F18DF2F47000575E3</key>
		<dict>
			<key>fileRef</key>
			<string>8443D67E18DF2F47000575E3</string>
			<key>isa</key>
			<string>PBXBuildFile</string>
		</dict>
		<key>8461F14A19A04993002BB5AD</key>
		<dict>
			<key>fileEncoding</key>
			<string>4</string>
			<key>isa</key>
			<string>PBXFileReference</string>
			<key>lastKnownFileType</key>
			<string>sourcecode.c.h</string>
			<key>path</key>
			<string>EBStepManager+backgroundRunning.h</string>
			<key>sourceTree</key>
			<string>&lt;group&gt;</string>
		</dict>
		<key>8461F14B19A04993002BB5AD</key>
		<dict>
			<key>fileEncoding</key>
			<string>4</string>
			<key>isa</key>
			<string>PBXFileReference</string>
			<key>lastKnownFileType</key>
			<string>sourcecode.c.objc</string>
			<key>path</key>
			<string>EBStepManager+backgroundRunning.m</string>
			<key>sourceTree</key>
			<string>&lt;group&gt;</string>
		</dict>
		<key>8461F14C19A04993002BB5AD</key>
		<dict>
			<key>fileRef</key>
			<string>8461F14B19A04993002BB5AD</string>
			<key>isa</key>
			<string>PBXBuildFile</string>
		</dict>
		<key>8461F14D19A04B98002BB5AD</key>
		<dict>
			<key>isa</key>
			<string>PBXFileReference</string>
			<key>lastKnownFileType</key>
			<string>wrapper.framework</string>
			<key>name</key>
			<string>CoreLocation.framework</string>
			<key>path</key>
			<string>System/Library/Frameworks/CoreLocation.framework</string>
			<key>sourceTree</key>
			<string>SDKROOT</string>
		</dict>
		<key>8461F14E19A04B98002BB5AD</key>
		<dict>
			<key>fileRef</key>
			<string>8461F14D19A04B98002BB5AD</string>
			<key>isa</key>
			<string>PBXBuildFile</string>
		</dict>
		<key>84687EDC199E15DB00373E66</key>
		<dict>
			<key>children</key>
			<array>
				<string>84C25E9D199E163E0008097B</string>
				<string>84C25E9E199E163E0008097B</string>
			</array>
			<key>isa</key>
			<string>PBXGroup</string>
			<key>name</key>
			<string>Action</string>
			<key>sourceTree</key>
			<string>&lt;group&gt;</string>
		</dict>
		<key>846E530F19A027B100F46AF8</key>
		<dict>
			<key>children</key>
			<array>
				<string>846E531019A0287200F46AF8</string>
				<string>846E531119A0287200F46AF8</string>
			</array>
			<key>isa</key>
			<string>PBXGroup</string>
			<key>name</key>
			<string>Common</string>
			<key>sourceTree</key>
			<string>&lt;group&gt;</string>
		</dict>
		<key>846E531019A0287200F46AF8</key>
		<dict>
			<key>fileEncoding</key>
			<string>4</string>
			<key>isa</key>
			<string>PBXFileReference</string>
			<key>lastKnownFileType</key>
			<string>sourcecode.c.h</string>
			<key>name</key>
			<string>NSString+dateTranser.h</string>
			<key>path</key>
			<string>Common/NSString+dateTranser.h</string>
			<key>sourceTree</key>
			<string>&lt;group&gt;</string>
		</dict>
		<key>846E531119A0287200F46AF8</key>
		<dict>
			<key>fileEncoding</key>
			<string>4</string>
			<key>isa</key>
			<string>PBXFileReference</string>
			<key>lastKnownFileType</key>
			<string>sourcecode.c.objc</string>
			<key>name</key>
			<string>NSString+dateTranser.m</string>
			<key>path</key>
			<string>Common/NSString+dateTranser.m</string>
			<key>sourceTree</key>
			<string>&lt;group&gt;</string>
		</dict>
		<key>846E531219A0287200F46AF8</key>
		<dict>
			<key>fileRef</key>
			<string>846E531119A0287200F46AF8</string>
			<key>isa</key>
			<string>PBXBuildFile</string>
		</dict>
		<key>84748460199DEE00009497DF</key>
		<dict>
			<key>children</key>
			<array>
				<string>84748461199DEE38009497DF</string>
				<string>84748462199DEE39009497DF</string>
				<string>84748463199DEE39009497DF</string>
			</array>
			<key>isa</key>
			<string>PBXGroup</string>
			<key>name</key>
			<string>Entity</string>
			<key>sourceTree</key>
			<string>&lt;group&gt;</string>
		</dict>
		<key>84748461199DEE38009497DF</key>
		<dict>
			<key>isa</key>
			<string>PBXFileReference</string>
			<key>lastKnownFileType</key>
			<string>sourcecode.c.h</string>
			<key>path</key>
			<string>EBStepCounter-Bridging-Header.h</string>
			<key>sourceTree</key>
			<string>&lt;group&gt;</string>
		</dict>
		<key>84748462199DEE39009497DF</key>
		<dict>
			<key>fileEncoding</key>
			<string>4</string>
			<key>isa</key>
			<string>PBXFileReference</string>
			<key>lastKnownFileType</key>
			<string>sourcecode.c.h</string>
			<key>name</key>
			<string>StepEntity.h</string>
			<key>path</key>
			<string>DB/Entity/StepEntity.h</string>
			<key>sourceTree</key>
			<string>&lt;group&gt;</string>
		</dict>
		<key>84748463199DEE39009497DF</key>
		<dict>
			<key>fileEncoding</key>
			<string>4</string>
			<key>isa</key>
			<string>PBXFileReference</string>
			<key>lastKnownFileType</key>
			<string>sourcecode.c.objc</string>
			<key>name</key>
			<string>StepEntity.m</string>
			<key>path</key>
			<string>DB/Entity/StepEntity.m</string>
			<key>sourceTree</key>
			<string>&lt;group&gt;</string>
		</dict>
		<key>84748464199DEE39009497DF</key>
		<dict>
			<key>fileRef</key>
			<string>84748463199DEE39009497DF</string>
			<key>isa</key>
			<string>PBXBuildFile</string>
		</dict>
		<key>848E4E9B199B409000934B3A</key>
		<dict>
			<key>fileEncoding</key>
			<string>4</string>
			<key>isa</key>
			<string>PBXFileReference</string>
			<key>lastKnownFileType</key>
			<string>sourcecode.c.h</string>
			<key>path</key>
			<string>EBViewController.h</string>
			<key>sourceTree</key>
			<string>&lt;group&gt;</string>
		</dict>
		<key>848E4E9C199B409000934B3A</key>
		<dict>
			<key>fileEncoding</key>
			<string>4</string>
			<key>isa</key>
			<string>PBXFileReference</string>
			<key>lastKnownFileType</key>
			<string>sourcecode.c.objc</string>
			<key>path</key>
			<string>EBViewController.m</string>
			<key>sourceTree</key>
			<string>&lt;group&gt;</string>
		</dict>
		<key>848E4E9D199B409000934B3A</key>
		<dict>
			<key>fileEncoding</key>
			<string>4</string>
			<key>isa</key>
			<string>PBXFileReference</string>
			<key>lastKnownFileType</key>
			<string>file.xib</string>
			<key>path</key>
			<string>EBViewController.xib</string>
			<key>sourceTree</key>
			<string>&lt;group&gt;</string>
		</dict>
		<key>848E4E9E199B409000934B3A</key>
		<dict>
			<key>fileRef</key>
			<string>848E4E9C199B409000934B3A</string>
			<key>isa</key>
			<string>PBXBuildFile</string>
		</dict>
		<key>848E4E9F199B409000934B3A</key>
		<dict>
			<key>fileRef</key>
			<string>848E4E9D199B409000934B3A</string>
			<key>isa</key>
			<string>PBXBuildFile</string>
		</dict>
		<key>84A9AB5B199CA1AA00D2F779</key>
		<dict>
			<key>isa</key>
			<string>PBXFileReference</string>
			<key>lastKnownFileType</key>
			<string>text.xml</string>
			<key>path</key>
			<string>EBStepCounter.entitlements</string>
			<key>sourceTree</key>
			<string>&lt;group&gt;</string>
		</dict>
		<key>84A9AB66199CA1BA00D2F779</key>
		<dict>
			<key>isa</key>
			<string>PBXFileReference</string>
			<key>lastKnownFileType</key>
			<string>wrapper.framework</string>
			<key>name</key>
			<string>AudioToolbox.framework</string>
			<key>path</key>
			<string>System/Library/Frameworks/AudioToolbox.framework</string>
			<key>sourceTree</key>
			<string>SDKROOT</string>
		</dict>
		<key>84A9AB67199CA1BA00D2F779</key>
		<dict>
			<key>fileRef</key>
			<string>84A9AB66199CA1BA00D2F779</string>
			<key>isa</key>
			<string>PBXBuildFile</string>
		</dict>
		<key>84A9AB70199CB9F700D2F779</key>
		<dict>
			<key>children</key>
			<array>
				<string>848E4E9B199B409000934B3A</string>
				<string>848E4E9C199B409000934B3A</string>
				<string>848E4E9D199B409000934B3A</string>
			</array>
			<key>isa</key>
			<string>PBXGroup</string>
			<key>name</key>
			<string>VC</string>
			<key>sourceTree</key>
			<string>&lt;group&gt;</string>
		</dict>
		<key>84A9AB72199CC55A00D2F779</key>
		<dict>
			<key>children</key>
			<array>
				<string>84A9AB73199CC55A00D2F779</string>
			</array>
			<key>isa</key>
			<string>PBXGroup</string>
			<key>path</key>
			<string>Fonts</string>
			<key>sourceTree</key>
			<string>&lt;group&gt;</string>
		</dict>
		<key>84A9AB73199CC55A00D2F779</key>
		<dict>
			<key>isa</key>
			<string>PBXFileReference</string>
			<key>lastKnownFileType</key>
			<string>file</string>
			<key>path</key>
			<string>MFYueHei_Noncommercial-Regular.otf</string>
			<key>sourceTree</key>
			<string>&lt;group&gt;</string>
		</dict>
		<key>84A9AB74199CC55A00D2F779</key>
		<dict>
			<key>fileRef</key>
			<string>84A9AB73199CC55A00D2F779</string>
			<key>isa</key>
			<string>PBXBuildFile</string>
		</dict>
		<key>84B661C5199DDFD9000E525B</key>
		<dict>
			<key>children</key>
			<array>
				<string>8443D67018DF2738000575E3</string>
				<string>8443D67118DF2738000575E3</string>
				<string>8461F14A19A04993002BB5AD</string>
				<string>8461F14B19A04993002BB5AD</string>
				<string>8443D67318DF27A3000575E3</string>
			</array>
			<key>isa</key>
			<string>PBXGroup</string>
			<key>name</key>
			<string>Step</string>
			<key>sourceTree</key>
			<string>&lt;group&gt;</string>
		</dict>
		<key>84B661C6199DDFF1000E525B</key>
		<dict>
			<key>children</key>
			<array>
				<string>84748460199DEE00009497DF</string>
				<string>84687EDC199E15DB00373E66</string>
				<string>84B661CA199DE382000E525B</string>
				<string>84B661C7199DE035000E525B</string>
				<string>84B661C8199DE035000E525B</string>
			</array>
			<key>isa</key>
			<string>PBXGroup</string>
			<key>name</key>
			<string>Db</string>
			<key>sourceTree</key>
			<string>&lt;group&gt;</string>
		</dict>
		<key>84B661C7199DE035000E525B</key>
		<dict>
			<key>fileEncoding</key>
			<string>4</string>
			<key>isa</key>
			<string>PBXFileReference</string>
			<key>lastKnownFileType</key>
			<string>sourcecode.c.h</string>
			<key>name</key>
			<string>EBDBManager.h</string>
			<key>path</key>
			<string>DB/EBDBManager.h</string>
			<key>sourceTree</key>
			<string>&lt;group&gt;</string>
		</dict>
		<key>84B661C8199DE035000E525B</key>
		<dict>
			<key>fileEncoding</key>
			<string>4</string>
			<key>isa</key>
			<string>PBXFileReference</string>
			<key>lastKnownFileType</key>
			<string>sourcecode.c.objc</string>
			<key>name</key>
			<string>EBDBManager.m</string>
			<key>path</key>
			<string>DB/EBDBManager.m</string>
			<key>sourceTree</key>
			<string>&lt;group&gt;</string>
		</dict>
		<key>84B661C9199DE035000E525B</key>
		<dict>
			<key>fileRef</key>
			<string>84B661C8199DE035000E525B</string>
			<key>isa</key>
			<string>PBXBuildFile</string>
		</dict>
		<key>84B661CA199DE382000E525B</key>
		<dict>
			<key>children</key>
			<array>
				<string>84B661CB199DE382000E525B</string>
			</array>
			<key>currentVersion</key>
			<string>84B661CB199DE382000E525B</string>
			<key>isa</key>
			<string>XCVersionGroup</string>
			<key>path</key>
			<string>EBDBModel.xcdatamodeld</string>
			<key>sourceTree</key>
			<string>&lt;group&gt;</string>
			<key>versionGroupType</key>
			<string>wrapper.xcdatamodel</string>
		</dict>
		<key>84B661CB199DE382000E525B</key>
		<dict>
			<key>isa</key>
			<string>PBXFileReference</string>
			<key>lastKnownFileType</key>
			<string>wrapper.xcdatamodel</string>
			<key>path</key>
			<string>EBDBModel.xcdatamodel</string>
			<key>sourceTree</key>
			<string>&lt;group&gt;</string>
		</dict>
		<key>84B661CC199DE382000E525B</key>
		<dict>
			<key>fileRef</key>
			<string>84B661CA199DE382000E525B</string>
			<key>isa</key>
			<string>PBXBuildFile</string>
		</dict>
		<key>84C25E9D199E163E0008097B</key>
		<dict>
			<key>fileEncoding</key>
			<string>4</string>
			<key>isa</key>
			<string>PBXFileReference</string>
			<key>lastKnownFileType</key>
			<string>sourcecode.c.h</string>
			<key>path</key>
			<string>EBDBManager+Action.h</string>
			<key>sourceTree</key>
			<string>&lt;group&gt;</string>
		</dict>
		<key>84C25E9E199E163E0008097B</key>
		<dict>
			<key>fileEncoding</key>
			<string>4</string>
			<key>isa</key>
			<string>PBXFileReference</string>
			<key>lastKnownFileType</key>
			<string>sourcecode.c.objc</string>
			<key>path</key>
			<string>EBDBManager+Action.m</string>
			<key>sourceTree</key>
			<string>&lt;group&gt;</string>
		</dict>
		<key>84C25E9F199E163E0008097B</key>
		<dict>
			<key>fileRef</key>
			<string>84C25E9E199E163E0008097B</string>
			<key>isa</key>
			<string>PBXBuildFile</string>
		</dict>
		<key>84CBBB7F18DF190000992502</key>
		<dict>
			<key>children</key>
			<array>
				<string>84CBBB9118DF190000992502</string>
				<string>84CBBBAA18DF190000992502</string>
				<string>84CBBB8A18DF190000992502</string>
				<string>84CBBB8918DF190000992502</string>
				<string>12F87F4FA0EA416F910E0601</string>
				<string>92DE402A9B3540A5AE346DA1</string>
			</array>
			<key>isa</key>
			<string>PBXGroup</string>
			<key>sourceTree</key>
			<string>&lt;group&gt;</string>
		</dict>
		<key>84CBBB8018DF190000992502</key>
		<dict>
			<key>attributes</key>
			<dict>
				<key>CLASSPREFIX</key>
				<string>EB</string>
				<key>LastUpgradeCheck</key>
				<string>0510</string>
				<key>ORGANIZATIONNAME</key>
				<string>EggBrain Studio</string>
				<key>TargetAttributes</key>
				<dict>
					<key>84CBBB8718DF190000992502</key>
					<dict>
						<key>DevelopmentTeam</key>
						<string>9M8Y2N3NUT</string>
						<key>SystemCapabilities</key>
						<dict>
							<key>com.apple.ApplicationGroups.iOS</key>
							<dict>
								<key>enabled</key>
								<string>0</string>
							</dict>
							<key>com.apple.BackgroundModes</key>
							<dict>
								<key>enabled</key>
								<string>1</string>
							</dict>
							<key>com.apple.DataProtection</key>
							<dict>
								<key>enabled</key>
								<string>1</string>
							</dict>
							<key>com.apple.GameCenter</key>
							<dict>
								<key>enabled</key>
								<string>0</string>
							</dict>
							<key>com.apple.HealthKit</key>
							<dict>
								<key>enabled</key>
								<string>0</string>
							</dict>
							<key>com.apple.HomeKit</key>
							<dict>
								<key>enabled</key>
								<string>0</string>
							</dict>
							<key>com.apple.InAppPurchase</key>
							<dict>
								<key>enabled</key>
								<string>0</string>
							</dict>
							<key>com.apple.InterAppAudio</key>
							<dict>
								<key>enabled</key>
								<string>1</string>
							</dict>
							<key>com.apple.Keychain</key>
							<dict>
								<key>enabled</key>
								<string>0</string>
							</dict>
							<key>com.apple.Maps.iOS</key>
							<dict>
								<key>enabled</key>
								<string>0</string>
							</dict>
							<key>com.apple.Passbook</key>
							<dict>
								<key>enabled</key>
								<string>0</string>
							</dict>
							<key>com.apple.SafariKeychain</key>
							<dict>
								<key>enabled</key>
								<string>0</string>
							</dict>
							<key>com.apple.VPNLite</key>
							<dict>
								<key>enabled</key>
								<string>0</string>
							</dict>
							<key>com.apple.WAC</key>
							<dict>
								<key>enabled</key>
								<string>0</string>
							</dict>
							<key>com.apple.iCloud</key>
							<dict>
								<key>enabled</key>
								<string>0</string>
							</dict>
						</dict>
					</dict>
					<key>84CBBBA218DF190000992502</key>
					<dict>
						<key>TestTargetID</key>
						<string>84CBBB8718DF190000992502</string>
					</dict>
				</dict>
			</dict>
			<key>buildConfigurationList</key>
			<string>84CBBB8318DF190000992502</string>
			<key>compatibilityVersion</key>
			<string>Xcode 3.2</string>
			<key>developmentRegion</key>
			<string>English</string>
			<key>hasScannedForEncodings</key>
			<string>0</string>
			<key>isa</key>
			<string>PBXProject</string>
			<key>knownRegions</key>
			<array>
				<string>en</string>
			</array>
			<key>mainGroup</key>
			<string>84CBBB7F18DF190000992502</string>
			<key>productRefGroup</key>
			<string>84CBBB8918DF190000992502</string>
			<key>projectDirPath</key>
			<string></string>
			<key>projectReferences</key>
			<array/>
			<key>projectRoot</key>
			<string></string>
			<key>targets</key>
			<array>
				<string>84CBBB8718DF190000992502</string>
				<string>84CBBBA218DF190000992502</string>
			</array>
		</dict>
		<key>84CBBB8318DF190000992502</key>
		<dict>
			<key>buildConfigurations</key>
			<array>
				<string>84CBBBB218DF190000992502</string>
				<string>84CBBBB318DF190000992502</string>
			</array>
			<key>defaultConfigurationIsVisible</key>
			<string>0</string>
			<key>defaultConfigurationName</key>
			<string>Release</string>
			<key>isa</key>
			<string>XCConfigurationList</string>
		</dict>
		<key>84CBBB8418DF190000992502</key>
		<dict>
			<key>buildActionMask</key>
			<string>2147483647</string>
			<key>files</key>
			<array>
				<string>84B661C9199DE035000E525B</string>
				<string>846E531219A0287200F46AF8</string>
				<string>8443D67218DF2738000575E3</string>
				<string>84C25E9F199E163E0008097B</string>
				<string>8443D67C18DF2C6E000575E3</string>
				<string>8461F14C19A04993002BB5AD</string>
				<string>8443D66F18DF267F000575E3</string>
				<string>848E4E9E199B409000934B3A</string>
				<string>84CBBB9818DF190000992502</string>
				<string>8443D67918DF2C61000575E3</string>
				<string>84B661CC199DE382000E525B</string>
				<string>84748464199DEE39009497DF</string>
				<string>84CBBB9C18DF190000992502</string>
			</array>
			<key>isa</key>
			<string>PBXSourcesBuildPhase</string>
			<key>runOnlyForDeploymentPostprocessing</key>
			<string>0</string>
		</dict>
		<key>84CBBB8518DF190000992502</key>
		<dict>
			<key>buildActionMask</key>
			<string>2147483647</string>
			<key>files</key>
			<array>
				<string>8461F14E19A04B98002BB5AD</string>
				<string>8443D67F18DF2F47000575E3</string>
				<string>84CBBB8E18DF190000992502</string>
				<string>84CBBB9018DF190000992502</string>
				<string>84A9AB67199CA1BA00D2F779</string>
				<string>84CBBB8C18DF190000992502</string>
				<string>7A05772D4EDA40EF8640A36D</string>
			</array>
			<key>isa</key>
			<string>PBXFrameworksBuildPhase</string>
			<key>runOnlyForDeploymentPostprocessing</key>
			<string>0</string>
		</dict>
		<key>84CBBB8618DF190000992502</key>
		<dict>
			<key>buildActionMask</key>
			<string>2147483647</string>
			<key>files</key>
			<array>
				<string>848E4E9F199B409000934B3A</string>
				<string>84CBBB9618DF190000992502</string>
				<string>84A9AB74199CC55A00D2F779</string>
				<string>84CBBB9E18DF190000992502</string>
			</array>
			<key>isa</key>
			<string>PBXResourcesBuildPhase</string>
			<key>runOnlyForDeploymentPostprocessing</key>
			<string>0</string>
		</dict>
		<key>84CBBB8718DF190000992502</key>
		<dict>
			<key>buildConfigurationList</key>
			<string>84CBBBB418DF190000992502</string>
			<key>buildPhases</key>
			<array>
				<string>E8E555AFCE29481182E85108</string>
				<string>84CBBB8418DF190000992502</string>
				<string>84CBBB8518DF190000992502</string>
				<string>84CBBB8618DF190000992502</string>
				<string>164635398820495FA9250497</string>
			</array>
			<key>buildRules</key>
			<array/>
			<key>dependencies</key>
			<array/>
			<key>isa</key>
			<string>PBXNativeTarget</string>
			<key>name</key>
			<string>EBStepCounter</string>
			<key>productName</key>
			<string>EBStepCounter</string>
			<key>productReference</key>
			<string>84CBBB8818DF190000992502</string>
			<key>productType</key>
			<string>com.apple.product-type.application</string>
		</dict>
		<key>84CBBB8818DF190000992502</key>
		<dict>
			<key>explicitFileType</key>
			<string>wrapper.application</string>
			<key>includeInIndex</key>
			<string>0</string>
			<key>isa</key>
			<string>PBXFileReference</string>
			<key>path</key>
			<string>EBStepCounter.app</string>
			<key>sourceTree</key>
			<string>BUILT_PRODUCTS_DIR</string>
		</dict>
		<key>84CBBB8918DF190000992502</key>
		<dict>
			<key>children</key>
			<array>
				<string>84CBBB8818DF190000992502</string>
				<string>84CBBBA318DF190000992502</string>
			</array>
			<key>isa</key>
			<string>PBXGroup</string>
			<key>name</key>
			<string>Products</string>
			<key>sourceTree</key>
			<string>&lt;group&gt;</string>
		</dict>
		<key>84CBBB8A18DF190000992502</key>
		<dict>
			<key>children</key>
			<array>
				<string>8461F14D19A04B98002BB5AD</string>
				<string>84A9AB66199CA1BA00D2F779</string>
				<string>8443D67E18DF2F47000575E3</string>
				<string>84CBBB8B18DF190000992502</string>
				<string>84CBBB8D18DF190000992502</string>
				<string>84CBBB8F18DF190000992502</string>
				<string>84CBBBA418DF190000992502</string>
				<string>1F5806A5103E4C969C7DD75C</string>
				<string>70BB82572B1840E1B9CF41D0</string>
			</array>
			<key>isa</key>
			<string>PBXGroup</string>
			<key>name</key>
			<string>Frameworks</string>
			<key>sourceTree</key>
			<string>&lt;group&gt;</string>
		</dict>
		<key>84CBBB8B18DF190000992502</key>
		<dict>
			<key>isa</key>
			<string>PBXFileReference</string>
			<key>lastKnownFileType</key>
			<string>wrapper.framework</string>
			<key>name</key>
			<string>Foundation.framework</string>
			<key>path</key>
			<string>System/Library/Frameworks/Foundation.framework</string>
			<key>sourceTree</key>
			<string>SDKROOT</string>
		</dict>
		<key>84CBBB8C18DF190000992502</key>
		<dict>
			<key>fileRef</key>
			<string>84CBBB8B18DF190000992502</string>
			<key>isa</key>
			<string>PBXBuildFile</string>
		</dict>
		<key>84CBBB8D18DF190000992502</key>
		<dict>
			<key>isa</key>
			<string>PBXFileReference</string>
			<key>lastKnownFileType</key>
			<string>wrapper.framework</string>
			<key>name</key>
			<string>CoreGraphics.framework</string>
			<key>path</key>
			<string>System/Library/Frameworks/CoreGraphics.framework</string>
			<key>sourceTree</key>
			<string>SDKROOT</string>
		</dict>
		<key>84CBBB8E18DF190000992502</key>
		<dict>
			<key>fileRef</key>
			<string>84CBBB8D18DF190000992502</string>
			<key>isa</key>
			<string>PBXBuildFile</string>
		</dict>
		<key>84CBBB8F18DF190000992502</key>
		<dict>
			<key>isa</key>
			<string>PBXFileReference</string>
			<key>lastKnownFileType</key>
			<string>wrapper.framework</string>
			<key>name</key>
			<string>UIKit.framework</string>
			<key>path</key>
			<string>System/Library/Frameworks/UIKit.framework</string>
			<key>sourceTree</key>
			<string>SDKROOT</string>
		</dict>
		<key>84CBBB9018DF190000992502</key>
		<dict>
			<key>fileRef</key>
			<string>84CBBB8F18DF190000992502</string>
			<key>isa</key>
			<string>PBXBuildFile</string>
		</dict>
		<key>84CBBB9118DF190000992502</key>
		<dict>
			<key>children</key>
			<array>
				<string>84A9AB5B199CA1AA00D2F779</string>
				<string>846E530F19A027B100F46AF8</string>
				<string>84A9AB72199CC55A00D2F779</string>
				<string>8443D66B18DF267F000575E3</string>
				<string>8443D66E18DF267F000575E3</string>
				<string>84A9AB70199CB9F700D2F779</string>
				<string>84CBBB9A18DF190000992502</string>
				<string>84CBBB9B18DF190000992502</string>
				<string>84CBBB9D18DF190000992502</string>
				<string>84CBBB9218DF190000992502</string>
			</array>
			<key>isa</key>
			<string>PBXGroup</string>
			<key>path</key>
			<string>EBStepCounter</string>
			<key>sourceTree</key>
			<string>&lt;group&gt;</string>
		</dict>
		<key>84CBBB9218DF190000992502</key>
		<dict>
			<key>children</key>
			<array>
				<string>84CBBB9318DF190000992502</string>
				<string>84CBBB9418DF190000992502</string>
				<string>84CBBB9718DF190000992502</string>
				<string>84CBBB9918DF190000992502</string>
			</array>
			<key>isa</key>
			<string>PBXGroup</string>
			<key>name</key>
			<string>Supporting Files</string>
			<key>sourceTree</key>
			<string>&lt;group&gt;</string>
		</dict>
		<key>84CBBB9318DF190000992502</key>
		<dict>
			<key>isa</key>
			<string>PBXFileReference</string>
			<key>lastKnownFileType</key>
			<string>text.plist.xml</string>
			<key>path</key>
			<string>EBStepCounter-Info.plist</string>
			<key>sourceTree</key>
			<string>&lt;group&gt;</string>
		</dict>
		<key>84CBBB9418DF190000992502</key>
		<dict>
			<key>children</key>
			<array>
				<string>84CBBB9518DF190000992502</string>
			</array>
			<key>isa</key>
			<string>PBXVariantGroup</string>
			<key>name</key>
			<string>InfoPlist.strings</string>
			<key>sourceTree</key>
			<string>&lt;group&gt;</string>
		</dict>
		<key>84CBBB9518DF190000992502</key>
		<dict>
			<key>isa</key>
			<string>PBXFileReference</string>
			<key>lastKnownFileType</key>
			<string>text.plist.strings</string>
			<key>name</key>
			<string>en</string>
			<key>path</key>
			<string>en.lproj/InfoPlist.strings</string>
			<key>sourceTree</key>
			<string>&lt;group&gt;</string>
		</dict>
		<key>84CBBB9618DF190000992502</key>
		<dict>
			<key>fileRef</key>
			<string>84CBBB9418DF190000992502</string>
			<key>isa</key>
			<string>PBXBuildFile</string>
		</dict>
		<key>84CBBB9718DF190000992502</key>
		<dict>
			<key>isa</key>
			<string>PBXFileReference</string>
			<key>lastKnownFileType</key>
			<string>sourcecode.c.objc</string>
			<key>path</key>
			<string>main.m</string>
			<key>sourceTree</key>
			<string>&lt;group&gt;</string>
		</dict>
		<key>84CBBB9818DF190000992502</key>
		<dict>
			<key>fileRef</key>
			<string>84CBBB9718DF190000992502</string>
			<key>isa</key>
			<string>PBXBuildFile</string>
		</dict>
		<key>84CBBB9918DF190000992502</key>
		<dict>
			<key>isa</key>
			<string>PBXFileReference</string>
			<key>lastKnownFileType</key>
			<string>sourcecode.c.h</string>
			<key>path</key>
			<string>EBStepCounter-Prefix.pch</string>
			<key>sourceTree</key>
			<string>&lt;group&gt;</string>
		</dict>
		<key>84CBBB9A18DF190000992502</key>
		<dict>
			<key>isa</key>
			<string>PBXFileReference</string>
			<key>lastKnownFileType</key>
			<string>sourcecode.c.h</string>
			<key>path</key>
			<string>EBAppDelegate.h</string>
			<key>sourceTree</key>
			<string>&lt;group&gt;</string>
		</dict>
		<key>84CBBB9B18DF190000992502</key>
		<dict>
			<key>isa</key>
			<string>PBXFileReference</string>
			<key>lastKnownFileType</key>
			<string>sourcecode.c.objc</string>
			<key>path</key>
			<string>EBAppDelegate.m</string>
			<key>sourceTree</key>
			<string>&lt;group&gt;</string>
		</dict>
		<key>84CBBB9C18DF190000992502</key>
		<dict>
			<key>fileRef</key>
			<string>84CBBB9B18DF190000992502</string>
			<key>isa</key>
			<string>PBXBuildFile</string>
		</dict>
		<key>84CBBB9D18DF190000992502</key>
		<dict>
			<key>isa</key>
			<string>PBXFileReference</string>
			<key>lastKnownFileType</key>
			<string>folder.assetcatalog</string>
			<key>path</key>
			<string>Images.xcassets</string>
			<key>sourceTree</key>
			<string>&lt;group&gt;</string>
		</dict>
		<key>84CBBB9E18DF190000992502</key>
		<dict>
			<key>fileRef</key>
			<string>84CBBB9D18DF190000992502</string>
			<key>isa</key>
			<string>PBXBuildFile</string>
		</dict>
		<key>84CBBB9F18DF190000992502</key>
		<dict>
			<key>buildActionMask</key>
			<string>2147483647</string>
			<key>files</key>
			<array>
				<string>84CBBBB118DF190000992502</string>
			</array>
			<key>isa</key>
			<string>PBXSourcesBuildPhase</string>
			<key>runOnlyForDeploymentPostprocessing</key>
			<string>0</string>
		</dict>
		<key>84CBBBA018DF190000992502</key>
		<dict>
			<key>buildActionMask</key>
			<string>2147483647</string>
			<key>files</key>
			<array>
				<string>84CBBBA518DF190000992502</string>
				<string>84CBBBA718DF190000992502</string>
				<string>84CBBBA618DF190000992502</string>
			</array>
			<key>isa</key>
			<string>PBXFrameworksBuildPhase</string>
			<key>runOnlyForDeploymentPostprocessing</key>
			<string>0</string>
		</dict>
		<key>84CBBBA118DF190000992502</key>
		<dict>
			<key>buildActionMask</key>
			<string>2147483647</string>
			<key>files</key>
			<array>
				<string>84CBBBAF18DF190000992502</string>
			</array>
			<key>isa</key>
			<string>PBXResourcesBuildPhase</string>
			<key>runOnlyForDeploymentPostprocessing</key>
			<string>0</string>
		</dict>
		<key>84CBBBA218DF190000992502</key>
		<dict>
			<key>buildConfigurationList</key>
			<string>84CBBBB718DF190000992502</string>
			<key>buildPhases</key>
			<array>
				<string>84CBBB9F18DF190000992502</string>
				<string>84CBBBA018DF190000992502</string>
				<string>84CBBBA118DF190000992502</string>
			</array>
			<key>buildRules</key>
			<array/>
			<key>dependencies</key>
			<array>
				<string>84CBBBA918DF190000992502</string>
			</array>
			<key>isa</key>
			<string>PBXNativeTarget</string>
			<key>name</key>
			<string>EBStepCounterTests</string>
			<key>productName</key>
			<string>EBStepCounterTests</string>
			<key>productReference</key>
			<string>84CBBBA318DF190000992502</string>
			<key>productType</key>
			<string>com.apple.product-type.bundle.unit-test</string>
		</dict>
		<key>84CBBBA318DF190000992502</key>
		<dict>
			<key>explicitFileType</key>
			<string>wrapper.cfbundle</string>
			<key>includeInIndex</key>
			<string>0</string>
			<key>isa</key>
			<string>PBXFileReference</string>
			<key>path</key>
			<string>EBStepCounterTests.xctest</string>
			<key>sourceTree</key>
			<string>BUILT_PRODUCTS_DIR</string>
		</dict>
		<key>84CBBBA418DF190000992502</key>
		<dict>
			<key>isa</key>
			<string>PBXFileReference</string>
			<key>lastKnownFileType</key>
			<string>wrapper.framework</string>
			<key>name</key>
			<string>XCTest.framework</string>
			<key>path</key>
			<string>Library/Frameworks/XCTest.framework</string>
			<key>sourceTree</key>
			<string>DEVELOPER_DIR</string>
		</dict>
		<key>84CBBBA518DF190000992502</key>
		<dict>
			<key>fileRef</key>
			<string>84CBBBA418DF190000992502</string>
			<key>isa</key>
			<string>PBXBuildFile</string>
		</dict>
		<key>84CBBBA618DF190000992502</key>
		<dict>
			<key>fileRef</key>
			<string>84CBBB8B18DF190000992502</string>
			<key>isa</key>
			<string>PBXBuildFile</string>
		</dict>
		<key>84CBBBA718DF190000992502</key>
		<dict>
			<key>fileRef</key>
			<string>84CBBB8F18DF190000992502</string>
			<key>isa</key>
			<string>PBXBuildFile</string>
		</dict>
		<key>84CBBBA818DF190000992502</key>
		<dict>
			<key>containerPortal</key>
			<string>84CBBB8018DF190000992502</string>
			<key>isa</key>
			<string>PBXContainerItemProxy</string>
			<key>proxyType</key>
			<string>1</string>
			<key>remoteGlobalIDString</key>
			<string>84CBBB8718DF190000992502</string>
			<key>remoteInfo</key>
			<string>EBStepCounter</string>
		</dict>
		<key>84CBBBA918DF190000992502</key>
		<dict>
			<key>isa</key>
			<string>PBXTargetDependency</string>
			<key>target</key>
			<string>84CBBB8718DF190000992502</string>
			<key>targetProxy</key>
			<string>84CBBBA818DF190000992502</string>
		</dict>
		<key>84CBBBAA18DF190000992502</key>
		<dict>
			<key>children</key>
			<array>
				<string>84CBBBB018DF190000992502</string>
				<string>84CBBBAB18DF190000992502</string>
			</array>
			<key>isa</key>
			<string>PBXGroup</string>
			<key>path</key>
			<string>EBStepCounterTests</string>
			<key>sourceTree</key>
			<string>&lt;group&gt;</string>
		</dict>
		<key>84CBBBAB18DF190000992502</key>
		<dict>
			<key>children</key>
			<array>
				<string>84CBBBAC18DF190000992502</string>
				<string>84CBBBAD18DF190000992502</string>
			</array>
			<key>isa</key>
			<string>PBXGroup</string>
			<key>name</key>
			<string>Supporting Files</string>
			<key>sourceTree</key>
			<string>&lt;group&gt;</string>
		</dict>
		<key>84CBBBAC18DF190000992502</key>
		<dict>
			<key>isa</key>
			<string>PBXFileReference</string>
			<key>lastKnownFileType</key>
			<string>text.plist.xml</string>
			<key>path</key>
			<string>EBStepCounterTests-Info.plist</string>
			<key>sourceTree</key>
			<string>&lt;group&gt;</string>
		</dict>
		<key>84CBBBAD18DF190000992502</key>
		<dict>
			<key>children</key>
			<array>
				<string>84CBBBAE18DF190000992502</string>
			</array>
			<key>isa</key>
			<string>PBXVariantGroup</string>
			<key>name</key>
			<string>InfoPlist.strings</string>
			<key>sourceTree</key>
			<string>&lt;group&gt;</string>
		</dict>
		<key>84CBBBAE18DF190000992502</key>
		<dict>
			<key>isa</key>
			<string>PBXFileReference</string>
			<key>lastKnownFileType</key>
			<string>text.plist.strings</string>
			<key>name</key>
			<string>en</string>
			<key>path</key>
			<string>en.lproj/InfoPlist.strings</string>
			<key>sourceTree</key>
			<string>&lt;group&gt;</string>
		</dict>
		<key>84CBBBAF18DF190000992502</key>
		<dict>
			<key>fileRef</key>
			<string>84CBBBAD18DF190000992502</string>
			<key>isa</key>
			<string>PBXBuildFile</string>
		</dict>
		<key>84CBBBB018DF190000992502</key>
		<dict>
			<key>isa</key>
			<string>PBXFileReference</string>
			<key>lastKnownFileType</key>
			<string>sourcecode.c.objc</string>
			<key>path</key>
			<string>EBStepCounterTests.m</string>
			<key>sourceTree</key>
			<string>&lt;group&gt;</string>
		</dict>
		<key>84CBBBB118DF190000992502</key>
		<dict>
			<key>fileRef</key>
			<string>84CBBBB018DF190000992502</string>
			<key>isa</key>
			<string>PBXBuildFile</string>
		</dict>
		<key>84CBBBB218DF190000992502</key>
		<dict>
			<key>buildSettings</key>
			<dict>
				<key>ALWAYS_SEARCH_USER_PATHS</key>
				<string>NO</string>
				<key>CLANG_CXX_LANGUAGE_STANDARD</key>
				<string>gnu++0x</string>
				<key>CLANG_CXX_LIBRARY</key>
				<string>libc++</string>
				<key>CLANG_ENABLE_MODULES</key>
				<string>YES</string>
				<key>CLANG_ENABLE_OBJC_ARC</key>
				<string>YES</string>
				<key>CLANG_WARN_BOOL_CONVERSION</key>
				<string>YES</string>
				<key>CLANG_WARN_CONSTANT_CONVERSION</key>
				<string>YES</string>
				<key>CLANG_WARN_DIRECT_OBJC_ISA_USAGE</key>
				<string>YES_ERROR</string>
				<key>CLANG_WARN_EMPTY_BODY</key>
				<string>YES</string>
				<key>CLANG_WARN_ENUM_CONVERSION</key>
				<string>YES</string>
				<key>CLANG_WARN_INT_CONVERSION</key>
				<string>YES</string>
				<key>CLANG_WARN_OBJC_ROOT_CLASS</key>
				<string>YES_ERROR</string>
				<key>CLANG_WARN__DUPLICATE_METHOD_MATCH</key>
				<string>YES</string>
				<key>CODE_SIGN_IDENTITY[sdk=iphoneos*]</key>
				<string>iPhone Developer</string>
				<key>COPY_PHASE_STRIP</key>
				<string>NO</string>
				<key>GCC_C_LANGUAGE_STANDARD</key>
				<string>gnu99</string>
				<key>GCC_DYNAMIC_NO_PIC</key>
				<string>NO</string>
				<key>GCC_OPTIMIZATION_LEVEL</key>
				<string>0</string>
				<key>GCC_PREPROCESSOR_DEFINITIONS</key>
				<array>
					<string>DEBUG=1</string>
					<string>$(inherited)</string>
				</array>
				<key>GCC_SYMBOLS_PRIVATE_EXTERN</key>
				<string>NO</string>
				<key>GCC_WARN_64_TO_32_BIT_CONVERSION</key>
				<string>YES</string>
				<key>GCC_WARN_ABOUT_RETURN_TYPE</key>
				<string>YES_ERROR</string>
				<key>GCC_WARN_UNDECLARED_SELECTOR</key>
				<string>YES</string>
				<key>GCC_WARN_UNINITIALIZED_AUTOS</key>
				<string>YES_AGGRESSIVE</string>
				<key>GCC_WARN_UNUSED_FUNCTION</key>
				<string>YES</string>
				<key>GCC_WARN_UNUSED_VARIABLE</key>
				<string>YES</string>
				<key>IPHONEOS_DEPLOYMENT_TARGET</key>
				<string>7.1</string>
				<key>ONLY_ACTIVE_ARCH</key>
				<string>YES</string>
				<key>SDKROOT</key>
				<string>iphoneos</string>
			</dict>
			<key>isa</key>
			<string>XCBuildConfiguration</string>
			<key>name</key>
			<string>Debug</string>
		</dict>
		<key>84CBBBB318DF190000992502</key>
		<dict>
			<key>buildSettings</key>
			<dict>
				<key>ALWAYS_SEARCH_USER_PATHS</key>
				<string>NO</string>
				<key>CLANG_CXX_LANGUAGE_STANDARD</key>
				<string>gnu++0x</string>
				<key>CLANG_CXX_LIBRARY</key>
				<string>libc++</string>
				<key>CLANG_ENABLE_MODULES</key>
				<string>YES</string>
				<key>CLANG_ENABLE_OBJC_ARC</key>
				<string>YES</string>
				<key>CLANG_WARN_BOOL_CONVERSION</key>
				<string>YES</string>
				<key>CLANG_WARN_CONSTANT_CONVERSION</key>
				<string>YES</string>
				<key>CLANG_WARN_DIRECT_OBJC_ISA_USAGE</key>
				<string>YES_ERROR</string>
				<key>CLANG_WARN_EMPTY_BODY</key>
				<string>YES</string>
				<key>CLANG_WARN_ENUM_CONVERSION</key>
				<string>YES</string>
				<key>CLANG_WARN_INT_CONVERSION</key>
				<string>YES</string>
				<key>CLANG_WARN_OBJC_ROOT_CLASS</key>
				<string>YES_ERROR</string>
				<key>CLANG_WARN__DUPLICATE_METHOD_MATCH</key>
				<string>YES</string>
				<key>CODE_SIGN_IDENTITY[sdk=iphoneos*]</key>
				<string>iPhone Developer</string>
				<key>COPY_PHASE_STRIP</key>
				<string>YES</string>
				<key>ENABLE_NS_ASSERTIONS</key>
				<string>NO</string>
				<key>GCC_C_LANGUAGE_STANDARD</key>
				<string>gnu99</string>
				<key>GCC_WARN_64_TO_32_BIT_CONVERSION</key>
				<string>YES</string>
				<key>GCC_WARN_ABOUT_RETURN_TYPE</key>
				<string>YES_ERROR</string>
				<key>GCC_WARN_UNDECLARED_SELECTOR</key>
				<string>YES</string>
				<key>GCC_WARN_UNINITIALIZED_AUTOS</key>
				<string>YES_AGGRESSIVE</string>
				<key>GCC_WARN_UNUSED_FUNCTION</key>
				<string>YES</string>
				<key>GCC_WARN_UNUSED_VARIABLE</key>
				<string>YES</string>
				<key>IPHONEOS_DEPLOYMENT_TARGET</key>
				<string>7.1</string>
				<key>SDKROOT</key>
				<string>iphoneos</string>
				<key>VALIDATE_PRODUCT</key>
				<string>YES</string>
			</dict>
			<key>isa</key>
			<string>XCBuildConfiguration</string>
			<key>name</key>
			<string>Release</string>
		</dict>
		<key>84CBBBB418DF190000992502</key>
		<dict>
			<key>buildConfigurations</key>
			<array>
				<string>84CBBBB518DF190000992502</string>
				<string>84CBBBB618DF190000992502</string>
			</array>
			<key>defaultConfigurationIsVisible</key>
			<string>0</string>
			<key>defaultConfigurationName</key>
			<string>Release</string>
			<key>isa</key>
			<string>XCConfigurationList</string>
		</dict>
		<key>84CBBBB518DF190000992502</key>
		<dict>
			<key>baseConfigurationReference</key>
			<string>12F87F4FA0EA416F910E0601</string>
			<key>buildSettings</key>
			<dict>
				<key>ASSETCATALOG_COMPILER_APPICON_NAME</key>
				<string>AppIcon</string>
				<key>ASSETCATALOG_COMPILER_LAUNCHIMAGE_NAME</key>
				<string>LaunchImage</string>
				<key>CLANG_ENABLE_MODULES</key>
				<string>YES</string>
				<key>CODE_SIGN_ENTITLEMENTS</key>
				<string>EBStepCounter/EBStepCounter.entitlements</string>
				<key>CODE_SIGN_IDENTITY</key>
				<string>iPhone Developer: eggman qi (4RDWS489DJ)</string>
				<key>CODE_SIGN_IDENTITY[sdk=iphoneos*]</key>
				<string>iPhone Developer: eggman qi (4RDWS489DJ)</string>
				<key>GCC_PRECOMPILE_PREFIX_HEADER</key>
				<string>YES</string>
				<key>GCC_PREFIX_HEADER</key>
				<string>EBStepCounter/EBStepCounter-Prefix.pch</string>
				<key>INFOPLIST_FILE</key>
				<string>EBStepCounter/EBStepCounter-Info.plist</string>
				<key>LD_RUNPATH_SEARCH_PATHS</key>
				<string>$(inherited) @executable_path/Frameworks</string>
				<key>PRODUCT_NAME</key>
				<string>$(TARGET_NAME)</string>
				<key>PROVISIONING_PROFILE</key>
				<string>a9e6ab4d-0924-486d-aabc-78225ab4b4a3</string>
				<key>SWIFT_OBJC_BRIDGING_HEADER</key>
				<string>EBStepCounter/Manager/EBStepCounter-Bridging-Header.h</string>
				<key>SWIFT_OPTIMIZATION_LEVEL</key>
				<string>-Onone</string>
				<key>VALID_ARCHS</key>
				<string>armv7 armv7s</string>
				<key>WRAPPER_EXTENSION</key>
				<string>app</string>
			</dict>
			<key>isa</key>
			<string>XCBuildConfiguration</string>
			<key>name</key>
			<string>Debug</string>
		</dict>
		<key>84CBBBB618DF190000992502</key>
		<dict>
			<key>baseConfigurationReference</key>
			<string>12F87F4FA0EA416F910E0601</string>
			<key>buildSettings</key>
			<dict>
				<key>ASSETCATALOG_COMPILER_APPICON_NAME</key>
				<string>AppIcon</string>
				<key>ASSETCATALOG_COMPILER_LAUNCHIMAGE_NAME</key>
				<string>LaunchImage</string>
				<key>CLANG_ENABLE_MODULES</key>
				<string>YES</string>
				<key>CODE_SIGN_ENTITLEMENTS</key>
				<string>EBStepCounter/EBStepCounter.entitlements</string>
				<key>CODE_SIGN_IDENTITY</key>
				<string>iPhone Developer: eggman qi (4RDWS489DJ)</string>
				<key>CODE_SIGN_IDENTITY[sdk=iphoneos*]</key>
				<string>iPhone Developer: eggman qi (4RDWS489DJ)</string>
				<key>GCC_PRECOMPILE_PREFIX_HEADER</key>
				<string>YES</string>
				<key>GCC_PREFIX_HEADER</key>
				<string>EBStepCounter/EBStepCounter-Prefix.pch</string>
				<key>INFOPLIST_FILE</key>
				<string>EBStepCounter/EBStepCounter-Info.plist</string>
				<key>LD_RUNPATH_SEARCH_PATHS</key>
				<string>$(inherited) @executable_path/Frameworks</string>
				<key>PRODUCT_NAME</key>
				<string>$(TARGET_NAME)</string>
				<key>PROVISIONING_PROFILE</key>
				<string>a9e6ab4d-0924-486d-aabc-78225ab4b4a3</string>
				<key>SWIFT_OBJC_BRIDGING_HEADER</key>
				<string>EBStepCounter/Manager/EBStepCounter-Bridging-Header.h</string>
				<key>VALID_ARCHS</key>
				<string>armv7 armv7s</string>
				<key>WRAPPER_EXTENSION</key>
				<string>app</string>
			</dict>
			<key>isa</key>
			<string>XCBuildConfiguration</string>
			<key>name</key>
			<string>Release</string>
		</dict>
		<key>84CBBBB718DF190000992502</key>
		<dict>
			<key>buildConfigurations</key>
			<array>
				<string>84CBBBB818DF190000992502</string>
				<string>84CBBBB918DF190000992502</string>
			</array>
			<key>defaultConfigurationIsVisible</key>
			<string>0</string>
			<key>defaultConfigurationName</key>
			<string>Release</string>
			<key>isa</key>
			<string>XCConfigurationList</string>
		</dict>
		<key>84CBBBB818DF190000992502</key>
		<dict>
			<key>buildSettings</key>
			<dict>
				<key>BUNDLE_LOADER</key>
				<string>$(BUILT_PRODUCTS_DIR)/EBStepCounter.app/EBStepCounter</string>
				<key>FRAMEWORK_SEARCH_PATHS</key>
				<array>
					<string>$(SDKROOT)/Developer/Library/Frameworks</string>
					<string>$(inherited)</string>
					<string>$(DEVELOPER_FRAMEWORKS_DIR)</string>
				</array>
				<key>GCC_PRECOMPILE_PREFIX_HEADER</key>
				<string>YES</string>
				<key>GCC_PREFIX_HEADER</key>
				<string>EBStepCounter/EBStepCounter-Prefix.pch</string>
				<key>GCC_PREPROCESSOR_DEFINITIONS</key>
				<array>
					<string>DEBUG=1</string>
					<string>$(inherited)</string>
				</array>
				<key>INFOPLIST_FILE</key>
				<string>EBStepCounterTests/EBStepCounterTests-Info.plist</string>
				<key>PRODUCT_NAME</key>
				<string>$(TARGET_NAME)</string>
				<key>TEST_HOST</key>
				<string>$(BUNDLE_LOADER)</string>
				<key>WRAPPER_EXTENSION</key>
				<string>xctest</string>
			</dict>
			<key>isa</key>
			<string>XCBuildConfiguration</string>
			<key>name</key>
			<string>Debug</string>
		</dict>
		<key>84CBBBB918DF190000992502</key>
		<dict>
			<key>buildSettings</key>
			<dict>
				<key>BUNDLE_LOADER</key>
				<string>$(BUILT_PRODUCTS_DIR)/EBStepCounter.app/EBStepCounter</string>
				<key>FRAMEWORK_SEARCH_PATHS</key>
				<array>
					<string>$(SDKROOT)/Developer/Library/Frameworks</string>
					<string>$(inherited)</string>
					<string>$(DEVELOPER_FRAMEWORKS_DIR)</string>
				</array>
				<key>GCC_PRECOMPILE_PREFIX_HEADER</key>
				<string>YES</string>
				<key>GCC_PREFIX_HEADER</key>
				<string>EBStepCounter/EBStepCounter-Prefix.pch</string>
				<key>INFOPLIST_FILE</key>
				<string>EBStepCounterTests/EBStepCounterTests-Info.plist</string>
				<key>PRODUCT_NAME</key>
				<string>$(TARGET_NAME)</string>
				<key>TEST_HOST</key>
				<string>$(BUNDLE_LOADER)</string>
				<key>WRAPPER_EXTENSION</key>
				<string>xctest</string>
			</dict>
			<key>isa</key>
			<string>XCBuildConfiguration</string>
			<key>name</key>
			<string>Release</string>
		</dict>
		<key>92DE402A9B3540A5AE346DA1</key>
		<dict>
			<key>includeInIndex</key>
			<string>1</string>
			<key>isa</key>
			<string>PBXFileReference</string>
			<key>lastKnownFileType</key>
			<string>text.xcconfig</string>
			<key>name</key>
			<string>Pods.xcconfig</string>
			<key>path</key>
			<string>Pods/Pods.xcconfig</string>
			<key>sourceTree</key>
			<string>&lt;group&gt;</string>
		</dict>
		<key>E8E555AFCE29481182E85108</key>
		<dict>
			<key>buildActionMask</key>
			<string>2147483647</string>
			<key>files</key>
			<array/>
			<key>inputPaths</key>
			<array/>
			<key>isa</key>
			<string>PBXShellScriptBuildPhase</string>
			<key>name</key>
			<string>Check Pods Manifest.lock</string>
			<key>outputPaths</key>
			<array/>
			<key>runOnlyForDeploymentPostprocessing</key>
			<string>0</string>
			<key>shellPath</key>
			<string>/bin/sh</string>
			<key>shellScript</key>
			<string>diff "${PODS_ROOT}/../Podfile.lock" "${PODS_ROOT}/Manifest.lock" &gt; /dev/null
if [[ $? != 0 ]] ; then
    cat &lt;&lt; EOM
error: The sandbox is not in sync with the Podfile.lock. Run 'pod install' or update your CocoaPods installation.
EOM
    exit 1
fi
</string>
			<key>showEnvVarsInLog</key>
			<string>0</string>
		</dict>
	</dict>
	<key>rootObject</key>
	<string>84CBBB8018DF190000992502</string>
</dict>
</plist>
