// !$*UTF8*$!
{
	archiveVersion = 1;
	classes = {
	};
	objectVersion = 46;
	objects = {

/* Begin PBXBuildFile section */
		7A05772D4EDA40EF8640A36D /* libPods-EBStepCounter.a in Frameworks */ = {isa = PBXBuildFile; fileRef = 1F5806A5103E4C969C7DD75C /* libPods-EBStepCounter.a */; };
		8443D66F18DF267F000575E3 /* EBAccelerometerFilter.m in Sources */ = {isa = PBXBuildFile; fileRef = 8443D66D18DF267F000575E3 /* EBAccelerometerFilter.m */; };
		8443D67218DF2738000575E3 /* EBStepManager.m in Sources */ = {isa = PBXBuildFile; fileRef = 8443D67118DF2738000575E3 /* EBStepManager.m */; };
		8443D67918DF2C61000575E3 /* EBMotionManager.m in Sources */ = {isa = PBXBuildFile; fileRef = 8443D67818DF2C61000575E3 /* EBMotionManager.m */; };
		8443D67C18DF2C6E000575E3 /* EBM7Manager.m in Sources */ = {isa = PBXBuildFile; fileRef = 8443D67B18DF2C6E000575E3 /* EBM7Manager.m */; };
		8443D67F18DF2F47000575E3 /* CoreMotion.framework in Frameworks */ = {isa = PBXBuildFile; fileRef = 8443D67E18DF2F47000575E3 /* CoreMotion.framework */; };
		844EDA2719AB45F400198944 /* EBWeatherManager.m in Sources */ = {isa = PBXBuildFile; fileRef = 844EDA2619AB45F400198944 /* EBWeatherManager.m */; };
		8461F14C19A04993002BB5AD /* EBStepManager+backgroundRunning.m in Sources */ = {isa = PBXBuildFile; fileRef = 8461F14B19A04993002BB5AD /* EBStepManager+backgroundRunning.m */; };
		8461F14E19A04B98002BB5AD /* CoreLocation.framework in Frameworks */ = {isa = PBXBuildFile; fileRef = 8461F14D19A04B98002BB5AD /* CoreLocation.framework */; };
		846E531219A0287200F46AF8 /* NSString+dateTranser.m in Sources */ = {isa = PBXBuildFile; fileRef = 846E531119A0287200F46AF8 /* NSString+dateTranser.m */; };
		84748464199DEE39009497DF /* StepEntity.m in Sources */ = {isa = PBXBuildFile; fileRef = 84748463199DEE39009497DF /* StepEntity.m */; };
		848E4E9E199B409000934B3A /* EBViewController.m in Sources */ = {isa = PBXBuildFile; fileRef = 848E4E9C199B409000934B3A /* EBViewController.m */; };
		848E4E9F199B409000934B3A /* EBViewController.xib in Resources */ = {isa = PBXBuildFile; fileRef = 848E4E9D199B409000934B3A /* EBViewController.xib */; };
		84A9AB67199CA1BA00D2F779 /* AudioToolbox.framework in Frameworks */ = {isa = PBXBuildFile; fileRef = 84A9AB66199CA1BA00D2F779 /* AudioToolbox.framework */; };
		84A9AB74199CC55A00D2F779 /* MFYueHei_Noncommercial-Regular.otf in Resources */ = {isa = PBXBuildFile; fileRef = 84A9AB73199CC55A00D2F779 /* MFYueHei_Noncommercial-Regular.otf */; };
		84B550A519AB3C2E000D90B9 /* EBWeatherViewController.m in Sources */ = {isa = PBXBuildFile; fileRef = 84B550A319AB3C2E000D90B9 /* EBWeatherViewController.m */; };
		84B550A619AB3C2E000D90B9 /* EBWeatherViewController.xib in Resources */ = {isa = PBXBuildFile; fileRef = 84B550A419AB3C2E000D90B9 /* EBWeatherViewController.xib */; };
		84B661C9199DE035000E525B /* EBDBManager.m in Sources */ = {isa = PBXBuildFile; fileRef = 84B661C8199DE035000E525B /* EBDBManager.m */; };
		84B661CC199DE382000E525B /* EBDBModel.xcdatamodeld in Sources */ = {isa = PBXBuildFile; fileRef = 84B661CA199DE382000E525B /* EBDBModel.xcdatamodeld */; };
		84C25E9F199E163E0008097B /* EBDBManager+Action.m in Sources */ = {isa = PBXBuildFile; fileRef = 84C25E9E199E163E0008097B /* EBDBManager+Action.m */; };
		84CBBB8C18DF190000992502 /* Foundation.framework in Frameworks */ = {isa = PBXBuildFile; fileRef = 84CBBB8B18DF190000992502 /* Foundation.framework */; };
		84CBBB8E18DF190000992502 /* CoreGraphics.framework in Frameworks */ = {isa = PBXBuildFile; fileRef = 84CBBB8D18DF190000992502 /* CoreGraphics.framework */; };
		84CBBB9018DF190000992502 /* UIKit.framework in Frameworks */ = {isa = PBXBuildFile; fileRef = 84CBBB8F18DF190000992502 /* UIKit.framework */; };
		84CBBB9618DF190000992502 /* InfoPlist.strings in Resources */ = {isa = PBXBuildFile; fileRef = 84CBBB9418DF190000992502 /* InfoPlist.strings */; };
		84CBBB9818DF190000992502 /* main.m in Sources */ = {isa = PBXBuildFile; fileRef = 84CBBB9718DF190000992502 /* main.m */; };
		84CBBB9C18DF190000992502 /* EBAppDelegate.m in Sources */ = {isa = PBXBuildFile; fileRef = 84CBBB9B18DF190000992502 /* EBAppDelegate.m */; };
		84CBBB9E18DF190000992502 /* Images.xcassets in Resources */ = {isa = PBXBuildFile; fileRef = 84CBBB9D18DF190000992502 /* Images.xcassets */; };
		84CBBBA518DF190000992502 /* XCTest.framework in Frameworks */ = {isa = PBXBuildFile; fileRef = 84CBBBA418DF190000992502 /* XCTest.framework */; };
		84CBBBA618DF190000992502 /* Foundation.framework in Frameworks */ = {isa = PBXBuildFile; fileRef = 84CBBB8B18DF190000992502 /* Foundation.framework */; };
		84CBBBA718DF190000992502 /* UIKit.framework in Frameworks */ = {isa = PBXBuildFile; fileRef = 84CBBB8F18DF190000992502 /* UIKit.framework */; };
		84CBBBAF18DF190000992502 /* InfoPlist.strings in Resources */ = {isa = PBXBuildFile; fileRef = 84CBBBAD18DF190000992502 /* InfoPlist.strings */; };
		84CBBBB118DF190000992502 /* EBStepCounterTests.m in Sources */ = {isa = PBXBuildFile; fileRef = 84CBBBB018DF190000992502 /* EBStepCounterTests.m */; };
/* End PBXBuildFile section */

/* Begin PBXContainerItemProxy section */
		84CBBBA818DF190000992502 /* PBXContainerItemProxy */ = {
			isa = PBXContainerItemProxy;
			containerPortal = 84CBBB8018DF190000992502 /* Project object */;
			proxyType = 1;
			remoteGlobalIDString = 84CBBB8718DF190000992502;
			remoteInfo = EBStepCounter;
		};
/* End PBXContainerItemProxy section */

/* Begin PBXFileReference section */
		12F87F4FA0EA416F910E0601 /* Pods-EBStepCounter.xcconfig */ = {isa = PBXFileReference; includeInIndex = 1; lastKnownFileType = text.xcconfig; name = "Pods-EBStepCounter.xcconfig"; path = "Pods/Pods-EBStepCounter.xcconfig"; sourceTree = "<group>"; };
		1F5806A5103E4C969C7DD75C /* libPods-EBStepCounter.a */ = {isa = PBXFileReference; explicitFileType = archive.ar; includeInIndex = 0; path = "libPods-EBStepCounter.a"; sourceTree = BUILT_PRODUCTS_DIR; };
		70BB82572B1840E1B9CF41D0 /* libPods.a */ = {isa = PBXFileReference; explicitFileType = archive.ar; includeInIndex = 0; path = libPods.a; sourceTree = BUILT_PRODUCTS_DIR; };
		8443D66C18DF267F000575E3 /* EBAccelerometerFilter.h */ = {isa = PBXFileReference; fileEncoding = 4; lastKnownFileType = sourcecode.c.h; path = EBAccelerometerFilter.h; sourceTree = "<group>"; };
		8443D66D18DF267F000575E3 /* EBAccelerometerFilter.m */ = {isa = PBXFileReference; fileEncoding = 4; lastKnownFileType = sourcecode.c.objc; path = EBAccelerometerFilter.m; sourceTree = "<group>"; };
		8443D67018DF2738000575E3 /* EBStepManager.h */ = {isa = PBXFileReference; fileEncoding = 4; lastKnownFileType = sourcecode.c.h; path = EBStepManager.h; sourceTree = "<group>"; };
		8443D67118DF2738000575E3 /* EBStepManager.m */ = {isa = PBXFileReference; fileEncoding = 4; lastKnownFileType = sourcecode.c.objc; path = EBStepManager.m; sourceTree = "<group>"; };
		8443D67718DF2C61000575E3 /* EBMotionManager.h */ = {isa = PBXFileReference; fileEncoding = 4; lastKnownFileType = sourcecode.c.h; path = EBMotionManager.h; sourceTree = "<group>"; };
		8443D67818DF2C61000575E3 /* EBMotionManager.m */ = {isa = PBXFileReference; fileEncoding = 4; lastKnownFileType = sourcecode.c.objc; path = EBMotionManager.m; sourceTree = "<group>"; };
		8443D67A18DF2C6E000575E3 /* EBM7Manager.h */ = {isa = PBXFileReference; fileEncoding = 4; lastKnownFileType = sourcecode.c.h; path = EBM7Manager.h; sourceTree = "<group>"; };
		8443D67B18DF2C6E000575E3 /* EBM7Manager.m */ = {isa = PBXFileReference; fileEncoding = 4; lastKnownFileType = sourcecode.c.objc; path = EBM7Manager.m; sourceTree = "<group>"; };
		8443D67D18DF2E55000575E3 /* ManagerCommon.h */ = {isa = PBXFileReference; lastKnownFileType = sourcecode.c.h; path = ManagerCommon.h; sourceTree = "<group>"; };
		8443D67E18DF2F47000575E3 /* CoreMotion.framework */ = {isa = PBXFileReference; lastKnownFileType = wrapper.framework; name = CoreMotion.framework; path = System/Library/Frameworks/CoreMotion.framework; sourceTree = SDKROOT; };
		844EDA2519AB45F400198944 /* EBWeatherManager.h */ = {isa = PBXFileReference; fileEncoding = 4; lastKnownFileType = sourcecode.c.h; path = EBWeatherManager.h; sourceTree = "<group>"; };
		844EDA2619AB45F400198944 /* EBWeatherManager.m */ = {isa = PBXFileReference; fileEncoding = 4; lastKnownFileType = sourcecode.c.objc; path = EBWeatherManager.m; sourceTree = "<group>"; };
		8461F14A19A04993002BB5AD /* EBStepManager+backgroundRunning.h */ = {isa = PBXFileReference; fileEncoding = 4; lastKnownFileType = sourcecode.c.h; path = "EBStepManager+backgroundRunning.h"; sourceTree = "<group>"; };
		8461F14B19A04993002BB5AD /* EBStepManager+backgroundRunning.m */ = {isa = PBXFileReference; fileEncoding = 4; lastKnownFileType = sourcecode.c.objc; path = "EBStepManager+backgroundRunning.m"; sourceTree = "<group>"; };
		8461F14D19A04B98002BB5AD /* CoreLocation.framework */ = {isa = PBXFileReference; lastKnownFileType = wrapper.framework; name = CoreLocation.framework; path = System/Library/Frameworks/CoreLocation.framework; sourceTree = SDKROOT; };
		846E531019A0287200F46AF8 /* NSString+dateTranser.h */ = {isa = PBXFileReference; fileEncoding = 4; lastKnownFileType = sourcecode.c.h; name = "NSString+dateTranser.h"; path = "Common/NSString+dateTranser.h"; sourceTree = "<group>"; };
		846E531119A0287200F46AF8 /* NSString+dateTranser.m */ = {isa = PBXFileReference; fileEncoding = 4; lastKnownFileType = sourcecode.c.objc; name = "NSString+dateTranser.m"; path = "Common/NSString+dateTranser.m"; sourceTree = "<group>"; };
		84748461199DEE38009497DF /* EBStepCounter-Bridging-Header.h */ = {isa = PBXFileReference; lastKnownFileType = sourcecode.c.h; path = "EBStepCounter-Bridging-Header.h"; sourceTree = "<group>"; };
		84748462199DEE39009497DF /* StepEntity.h */ = {isa = PBXFileReference; fileEncoding = 4; lastKnownFileType = sourcecode.c.h; name = StepEntity.h; path = DB/Entity/StepEntity.h; sourceTree = "<group>"; };
		84748463199DEE39009497DF /* StepEntity.m */ = {isa = PBXFileReference; fileEncoding = 4; lastKnownFileType = sourcecode.c.objc; name = StepEntity.m; path = DB/Entity/StepEntity.m; sourceTree = "<group>"; };
		848E4E9B199B409000934B3A /* EBViewController.h */ = {isa = PBXFileReference; fileEncoding = 4; lastKnownFileType = sourcecode.c.h; path = EBViewController.h; sourceTree = "<group>"; };
		848E4E9C199B409000934B3A /* EBViewController.m */ = {isa = PBXFileReference; fileEncoding = 4; lastKnownFileType = sourcecode.c.objc; path = EBViewController.m; sourceTree = "<group>"; };
		848E4E9D199B409000934B3A /* EBViewController.xib */ = {isa = PBXFileReference; fileEncoding = 4; lastKnownFileType = file.xib; path = EBViewController.xib; sourceTree = "<group>"; };
		84A9AB5B199CA1AA00D2F779 /* EBStepCounter.entitlements */ = {isa = PBXFileReference; lastKnownFileType = text.xml; path = EBStepCounter.entitlements; sourceTree = "<group>"; };
		84A9AB66199CA1BA00D2F779 /* AudioToolbox.framework */ = {isa = PBXFileReference; lastKnownFileType = wrapper.framework; name = AudioToolbox.framework; path = System/Library/Frameworks/AudioToolbox.framework; sourceTree = SDKROOT; };
		84A9AB73199CC55A00D2F779 /* MFYueHei_Noncommercial-Regular.otf */ = {isa = PBXFileReference; lastKnownFileType = file; path = "MFYueHei_Noncommercial-Regular.otf"; sourceTree = "<group>"; };
		84B550A219AB3C2E000D90B9 /* EBWeatherViewController.h */ = {isa = PBXFileReference; fileEncoding = 4; lastKnownFileType = sourcecode.c.h; path = EBWeatherViewController.h; sourceTree = "<group>"; };
		84B550A319AB3C2E000D90B9 /* EBWeatherViewController.m */ = {isa = PBXFileReference; fileEncoding = 4; lastKnownFileType = sourcecode.c.objc; path = EBWeatherViewController.m; sourceTree = "<group>"; };
		84B550A419AB3C2E000D90B9 /* EBWeatherViewController.xib */ = {isa = PBXFileReference; fileEncoding = 4; lastKnownFileType = file.xib; path = EBWeatherViewController.xib; sourceTree = "<group>"; };
		84B661C7199DE035000E525B /* EBDBManager.h */ = {isa = PBXFileReference; fileEncoding = 4; lastKnownFileType = sourcecode.c.h; name = EBDBManager.h; path = DB/EBDBManager.h; sourceTree = "<group>"; };
		84B661C8199DE035000E525B /* EBDBManager.m */ = {isa = PBXFileReference; fileEncoding = 4; lastKnownFileType = sourcecode.c.objc; name = EBDBManager.m; path = DB/EBDBManager.m; sourceTree = "<group>"; };
		84B661CB199DE382000E525B /* EBDBModel.xcdatamodel */ = {isa = PBXFileReference; lastKnownFileType = wrapper.xcdatamodel; path = EBDBModel.xcdatamodel; sourceTree = "<group>"; };
		84C25E9D199E163E0008097B /* EBDBManager+Action.h */ = {isa = PBXFileReference; fileEncoding = 4; lastKnownFileType = sourcecode.c.h; path = "EBDBManager+Action.h"; sourceTree = "<group>"; };
		84C25E9E199E163E0008097B /* EBDBManager+Action.m */ = {isa = PBXFileReference; fileEncoding = 4; lastKnownFileType = sourcecode.c.objc; path = "EBDBManager+Action.m"; sourceTree = "<group>"; };
		84CBBB8818DF190000992502 /* EBStepCounter.app */ = {isa = PBXFileReference; explicitFileType = wrapper.application; includeInIndex = 0; path = EBStepCounter.app; sourceTree = BUILT_PRODUCTS_DIR; };
		84CBBB8B18DF190000992502 /* Foundation.framework */ = {isa = PBXFileReference; lastKnownFileType = wrapper.framework; name = Foundation.framework; path = System/Library/Frameworks/Foundation.framework; sourceTree = SDKROOT; };
		84CBBB8D18DF190000992502 /* CoreGraphics.framework */ = {isa = PBXFileReference; lastKnownFileType = wrapper.framework; name = CoreGraphics.framework; path = System/Library/Frameworks/CoreGraphics.framework; sourceTree = SDKROOT; };
		84CBBB8F18DF190000992502 /* UIKit.framework */ = {isa = PBXFileReference; lastKnownFileType = wrapper.framework; name = UIKit.framework; path = System/Library/Frameworks/UIKit.framework; sourceTree = SDKROOT; };
		84CBBB9318DF190000992502 /* EBStepCounter-Info.plist */ = {isa = PBXFileReference; lastKnownFileType = text.plist.xml; path = "EBStepCounter-Info.plist"; sourceTree = "<group>"; };
		84CBBB9518DF190000992502 /* en */ = {isa = PBXFileReference; lastKnownFileType = text.plist.strings; name = en; path = en.lproj/InfoPlist.strings; sourceTree = "<group>"; };
		84CBBB9718DF190000992502 /* main.m */ = {isa = PBXFileReference; lastKnownFileType = sourcecode.c.objc; path = main.m; sourceTree = "<group>"; };
		84CBBB9918DF190000992502 /* EBStepCounter-Prefix.pch */ = {isa = PBXFileReference; lastKnownFileType = sourcecode.c.h; path = "EBStepCounter-Prefix.pch"; sourceTree = "<group>"; };
		84CBBB9A18DF190000992502 /* EBAppDelegate.h */ = {isa = PBXFileReference; lastKnownFileType = sourcecode.c.h; path = EBAppDelegate.h; sourceTree = "<group>"; };
		84CBBB9B18DF190000992502 /* EBAppDelegate.m */ = {isa = PBXFileReference; lastKnownFileType = sourcecode.c.objc; path = EBAppDelegate.m; sourceTree = "<group>"; };
		84CBBB9D18DF190000992502 /* Images.xcassets */ = {isa = PBXFileReference; lastKnownFileType = folder.assetcatalog; path = Images.xcassets; sourceTree = "<group>"; };
		84CBBBA318DF190000992502 /* EBStepCounterTests.xctest */ = {isa = PBXFileReference; explicitFileType = wrapper.cfbundle; includeInIndex = 0; path = EBStepCounterTests.xctest; sourceTree = BUILT_PRODUCTS_DIR; };
		84CBBBA418DF190000992502 /* XCTest.framework */ = {isa = PBXFileReference; lastKnownFileType = wrapper.framework; name = XCTest.framework; path = Library/Frameworks/XCTest.framework; sourceTree = DEVELOPER_DIR; };
		84CBBBAC18DF190000992502 /* EBStepCounterTests-Info.plist */ = {isa = PBXFileReference; lastKnownFileType = text.plist.xml; path = "EBStepCounterTests-Info.plist"; sourceTree = "<group>"; };
		84CBBBAE18DF190000992502 /* en */ = {isa = PBXFileReference; lastKnownFileType = text.plist.strings; name = en; path = en.lproj/InfoPlist.strings; sourceTree = "<group>"; };
		84CBBBB018DF190000992502 /* EBStepCounterTests.m */ = {isa = PBXFileReference; lastKnownFileType = sourcecode.c.objc; path = EBStepCounterTests.m; sourceTree = "<group>"; };
		92DE402A9B3540A5AE346DA1 /* Pods.xcconfig */ = {isa = PBXFileReference; includeInIndex = 1; lastKnownFileType = text.xcconfig; name = Pods.xcconfig; path = Pods/Pods.xcconfig; sourceTree = "<group>"; };
/* End PBXFileReference section */

/* Begin PBXFrameworksBuildPhase section */
		84CBBB8518DF190000992502 /* Frameworks */ = {
			isa = PBXFrameworksBuildPhase;
			buildActionMask = 2147483647;
			files = (
				8461F14E19A04B98002BB5AD /* CoreLocation.framework in Frameworks */,
				8443D67F18DF2F47000575E3 /* CoreMotion.framework in Frameworks */,
				84CBBB8E18DF190000992502 /* CoreGraphics.framework in Frameworks */,
				84CBBB9018DF190000992502 /* UIKit.framework in Frameworks */,
				84A9AB67199CA1BA00D2F779 /* AudioToolbox.framework in Frameworks */,
				84CBBB8C18DF190000992502 /* Foundation.framework in Frameworks */,
				7A05772D4EDA40EF8640A36D /* libPods-EBStepCounter.a in Frameworks */,
			);
			runOnlyForDeploymentPostprocessing = 0;
		};
		84CBBBA018DF190000992502 /* Frameworks */ = {
			isa = PBXFrameworksBuildPhase;
			buildActionMask = 2147483647;
			files = (
				84CBBBA518DF190000992502 /* XCTest.framework in Frameworks */,
				84CBBBA718DF190000992502 /* UIKit.framework in Frameworks */,
				84CBBBA618DF190000992502 /* Foundation.framework in Frameworks */,
			);
			runOnlyForDeploymentPostprocessing = 0;
		};
/* End PBXFrameworksBuildPhase section */

/* Begin PBXGroup section */
		8443D66B18DF267F000575E3 /* Filert */ = {
			isa = PBXGroup;
			children = (
				8443D66C18DF267F000575E3 /* EBAccelerometerFilter.h */,
				8443D66D18DF267F000575E3 /* EBAccelerometerFilter.m */,
			);
			path = Filert;
			sourceTree = "<group>";
		};
		8443D66E18DF267F000575E3 /* Manager */ = {
			isa = PBXGroup;
			children = (
				8443D67D18DF2E55000575E3 /* ManagerCommon.h */,
				844EDA2419AB45D900198944 /* Remote */,
				84B661C6199DDFF1000E525B /* Db */,
				84B661C5199DDFD9000E525B /* Step */,
			);
			path = Manager;
			sourceTree = "<group>";
		};
		8443D67318DF27A3000575E3 /* SubManager */ = {
			isa = PBXGroup;
			children = (
				8443D67718DF2C61000575E3 /* EBMotionManager.h */,
				8443D67818DF2C61000575E3 /* EBMotionManager.m */,
				8443D67A18DF2C6E000575E3 /* EBM7Manager.h */,
				8443D67B18DF2C6E000575E3 /* EBM7Manager.m */,
			);
			name = SubManager;
			sourceTree = "<group>";
		};
		844EDA2419AB45D900198944 /* Remote */ = {
			isa = PBXGroup;
			children = (
				844EDA2519AB45F400198944 /* EBWeatherManager.h */,
				844EDA2619AB45F400198944 /* EBWeatherManager.m */,
			);
			name = Remote;
			sourceTree = "<group>";
		};
		84687EDC199E15DB00373E66 /* Action */ = {
			isa = PBXGroup;
			children = (
				84C25E9D199E163E0008097B /* EBDBManager+Action.h */,
				84C25E9E199E163E0008097B /* EBDBManager+Action.m */,
			);
			name = Action;
			sourceTree = "<group>";
		};
		846E530F19A027B100F46AF8 /* Common */ = {
			isa = PBXGroup;
			children = (
				846E531019A0287200F46AF8 /* NSString+dateTranser.h */,
				846E531119A0287200F46AF8 /* NSString+dateTranser.m */,
			);
			name = Common;
			sourceTree = "<group>";
		};
		84748460199DEE00009497DF /* Entity */ = {
			isa = PBXGroup;
			children = (
				84748461199DEE38009497DF /* EBStepCounter-Bridging-Header.h */,
				84748462199DEE39009497DF /* StepEntity.h */,
				84748463199DEE39009497DF /* StepEntity.m */,
			);
			name = Entity;
			sourceTree = "<group>";
		};
		84A9AB70199CB9F700D2F779 /* VC */ = {
			isa = PBXGroup;
			children = (
				84B550A219AB3C2E000D90B9 /* EBWeatherViewController.h */,
				84B550A319AB3C2E000D90B9 /* EBWeatherViewController.m */,
				84B550A419AB3C2E000D90B9 /* EBWeatherViewController.xib */,
				848E4E9B199B409000934B3A /* EBViewController.h */,
				848E4E9C199B409000934B3A /* EBViewController.m */,
				848E4E9D199B409000934B3A /* EBViewController.xib */,
			);
			name = VC;
			sourceTree = "<group>";
		};
		84A9AB72199CC55A00D2F779 /* Fonts */ = {
			isa = PBXGroup;
			children = (
				84A9AB73199CC55A00D2F779 /* MFYueHei_Noncommercial-Regular.otf */,
			);
			path = Fonts;
			sourceTree = "<group>";
		};
		84B661C5199DDFD9000E525B /* Step */ = {
			isa = PBXGroup;
			children = (
				8443D67018DF2738000575E3 /* EBStepManager.h */,
				8443D67118DF2738000575E3 /* EBStepManager.m */,
				8461F14A19A04993002BB5AD /* EBStepManager+backgroundRunning.h */,
				8461F14B19A04993002BB5AD /* EBStepManager+backgroundRunning.m */,
				8443D67318DF27A3000575E3 /* SubManager */,
			);
			name = Step;
			sourceTree = "<group>";
		};
		84B661C6199DDFF1000E525B /* Db */ = {
			isa = PBXGroup;
			children = (
				84748460199DEE00009497DF /* Entity */,
				84687EDC199E15DB00373E66 /* Action */,
				84B661CA199DE382000E525B /* EBDBModel.xcdatamodeld */,
				84B661C7199DE035000E525B /* EBDBManager.h */,
				84B661C8199DE035000E525B /* EBDBManager.m */,
			);
			name = Db;
			sourceTree = "<group>";
		};
		84CBBB7F18DF190000992502 = {
			isa = PBXGroup;
			children = (
				84CBBB9118DF190000992502 /* EBStepCounter */,
				84CBBBAA18DF190000992502 /* EBStepCounterTests */,
				84CBBB8A18DF190000992502 /* Frameworks */,
				84CBBB8918DF190000992502 /* Products */,
				12F87F4FA0EA416F910E0601 /* Pods-EBStepCounter.xcconfig */,
				92DE402A9B3540A5AE346DA1 /* Pods.xcconfig */,
			);
			sourceTree = "<group>";
		};
		84CBBB8918DF190000992502 /* Products */ = {
			isa = PBXGroup;
			children = (
				84CBBB8818DF190000992502 /* EBStepCounter.app */,
				84CBBBA318DF190000992502 /* EBStepCounterTests.xctest */,
			);
			name = Products;
			sourceTree = "<group>";
		};
		84CBBB8A18DF190000992502 /* Frameworks */ = {
			isa = PBXGroup;
			children = (
				8461F14D19A04B98002BB5AD /* CoreLocation.framework */,
				84A9AB66199CA1BA00D2F779 /* AudioToolbox.framework */,
				8443D67E18DF2F47000575E3 /* CoreMotion.framework */,
				84CBBB8B18DF190000992502 /* Foundation.framework */,
				84CBBB8D18DF190000992502 /* CoreGraphics.framework */,
				84CBBB8F18DF190000992502 /* UIKit.framework */,
				84CBBBA418DF190000992502 /* XCTest.framework */,
				1F5806A5103E4C969C7DD75C /* libPods-EBStepCounter.a */,
				70BB82572B1840E1B9CF41D0 /* libPods.a */,
			);
			name = Frameworks;
			sourceTree = "<group>";
		};
		84CBBB9118DF190000992502 /* EBStepCounter */ = {
			isa = PBXGroup;
			children = (
				84A9AB5B199CA1AA00D2F779 /* EBStepCounter.entitlements */,
				846E530F19A027B100F46AF8 /* Common */,
				84A9AB72199CC55A00D2F779 /* Fonts */,
				8443D66B18DF267F000575E3 /* Filert */,
				8443D66E18DF267F000575E3 /* Manager */,
				84A9AB70199CB9F700D2F779 /* VC */,
				84CBBB9A18DF190000992502 /* EBAppDelegate.h */,
				84CBBB9B18DF190000992502 /* EBAppDelegate.m */,
				84CBBB9D18DF190000992502 /* Images.xcassets */,
				84CBBB9218DF190000992502 /* Supporting Files */,
			);
			path = EBStepCounter;
			sourceTree = "<group>";
		};
		84CBBB9218DF190000992502 /* Supporting Files */ = {
			isa = PBXGroup;
			children = (
				84CBBB9318DF190000992502 /* EBStepCounter-Info.plist */,
				84CBBB9418DF190000992502 /* InfoPlist.strings */,
				84CBBB9718DF190000992502 /* main.m */,
				84CBBB9918DF190000992502 /* EBStepCounter-Prefix.pch */,
			);
			name = "Supporting Files";
			sourceTree = "<group>";
		};
		84CBBBAA18DF190000992502 /* EBStepCounterTests */ = {
			isa = PBXGroup;
			children = (
				84CBBBB018DF190000992502 /* EBStepCounterTests.m */,
				84CBBBAB18DF190000992502 /* Supporting Files */,
			);
			path = EBStepCounterTests;
			sourceTree = "<group>";
		};
		84CBBBAB18DF190000992502 /* Supporting Files */ = {
			isa = PBXGroup;
			children = (
				84CBBBAC18DF190000992502 /* EBStepCounterTests-Info.plist */,
				84CBBBAD18DF190000992502 /* InfoPlist.strings */,
			);
			name = "Supporting Files";
			sourceTree = "<group>";
		};
/* End PBXGroup section */

/* Begin PBXNativeTarget section */
		84CBBB8718DF190000992502 /* EBStepCounter */ = {
			isa = PBXNativeTarget;
			buildConfigurationList = 84CBBBB418DF190000992502 /* Build configuration list for PBXNativeTarget "EBStepCounter" */;
			buildPhases = (
				E8E555AFCE29481182E85108 /* Check Pods Manifest.lock */,
				84CBBB8418DF190000992502 /* Sources */,
				84CBBB8518DF190000992502 /* Frameworks */,
				84CBBB8618DF190000992502 /* Resources */,
				164635398820495FA9250497 /* Copy Pods Resources */,
			);
			buildRules = (
			);
			dependencies = (
			);
			name = EBStepCounter;
			productName = EBStepCounter;
			productReference = 84CBBB8818DF190000992502 /* EBStepCounter.app */;
			productType = "com.apple.product-type.application";
		};
		84CBBBA218DF190000992502 /* EBStepCounterTests */ = {
			isa = PBXNativeTarget;
			buildConfigurationList = 84CBBBB718DF190000992502 /* Build configuration list for PBXNativeTarget "EBStepCounterTests" */;
			buildPhases = (
				84CBBB9F18DF190000992502 /* Sources */,
				84CBBBA018DF190000992502 /* Frameworks */,
				84CBBBA118DF190000992502 /* Resources */,
			);
			buildRules = (
			);
			dependencies = (
				84CBBBA918DF190000992502 /* PBXTargetDependency */,
			);
			name = EBStepCounterTests;
			productName = EBStepCounterTests;
			productReference = 84CBBBA318DF190000992502 /* EBStepCounterTests.xctest */;
			productType = "com.apple.product-type.bundle.unit-test";
		};
/* End PBXNativeTarget section */

/* Begin PBXProject section */
		84CBBB8018DF190000992502 /* Project object */ = {
			isa = PBXProject;
			attributes = {
				CLASSPREFIX = EB;
				LastUpgradeCheck = 0510;
				ORGANIZATIONNAME = "EggBrain Studio";
				TargetAttributes = {
					84CBBB8718DF190000992502 = {
						DevelopmentTeam = 9M8Y2N3NUT;
						SystemCapabilities = {
							com.apple.ApplicationGroups.iOS = {
								enabled = 0;
							};
							com.apple.BackgroundModes = {
								enabled = 1;
							};
							com.apple.DataProtection = {
								enabled = 1;
							};
							com.apple.GameCenter = {
								enabled = 0;
							};
							com.apple.HealthKit = {
								enabled = 0;
							};
							com.apple.HomeKit = {
								enabled = 0;
							};
							com.apple.InAppPurchase = {
								enabled = 0;
							};
							com.apple.InterAppAudio = {
								enabled = 1;
							};
							com.apple.Keychain = {
								enabled = 0;
							};
							com.apple.Maps.iOS = {
								enabled = 0;
							};
							com.apple.Passbook = {
								enabled = 0;
							};
							com.apple.SafariKeychain = {
								enabled = 0;
							};
							com.apple.VPNLite = {
								enabled = 0;
							};
							com.apple.WAC = {
								enabled = 0;
							};
							com.apple.iCloud = {
								enabled = 0;
							};
						};
					};
					84CBBBA218DF190000992502 = {
						TestTargetID = 84CBBB8718DF190000992502;
					};
				};
			};
			buildConfigurationList = 84CBBB8318DF190000992502 /* Build configuration list for PBXProject "EBStepCounter" */;
			compatibilityVersion = "Xcode 3.2";
			developmentRegion = English;
			hasScannedForEncodings = 0;
			knownRegions = (
				en,
			);
			mainGroup = 84CBBB7F18DF190000992502;
			productRefGroup = 84CBBB8918DF190000992502 /* Products */;
			projectDirPath = "";
			projectRoot = "";
			targets = (
				84CBBB8718DF190000992502 /* EBStepCounter */,
				84CBBBA218DF190000992502 /* EBStepCounterTests */,
			);
		};
/* End PBXProject section */

/* Begin PBXResourcesBuildPhase section */
		84CBBB8618DF190000992502 /* Resources */ = {
			isa = PBXResourcesBuildPhase;
			buildActionMask = 2147483647;
			files = (
				84B550A619AB3C2E000D90B9 /* EBWeatherViewController.xib in Resources */,
				848E4E9F199B409000934B3A /* EBViewController.xib in Resources */,
				84CBBB9618DF190000992502 /* InfoPlist.strings in Resources */,
				84A9AB74199CC55A00D2F779 /* MFYueHei_Noncommercial-Regular.otf in Resources */,
				84CBBB9E18DF190000992502 /* Images.xcassets in Resources */,
			);
			runOnlyForDeploymentPostprocessing = 0;
		};
		84CBBBA118DF190000992502 /* Resources */ = {
			isa = PBXResourcesBuildPhase;
			buildActionMask = 2147483647;
			files = (
				84CBBBAF18DF190000992502 /* InfoPlist.strings in Resources */,
			);
			runOnlyForDeploymentPostprocessing = 0;
		};
/* End PBXResourcesBuildPhase section */

/* Begin PBXShellScriptBuildPhase section */
		164635398820495FA9250497 /* Copy Pods Resources */ = {
			isa = PBXShellScriptBuildPhase;
			buildActionMask = 2147483647;
			files = (
			);
			inputPaths = (
			);
			name = "Copy Pods Resources";
			outputPaths = (
			);
			runOnlyForDeploymentPostprocessing = 0;
			shellPath = /bin/sh;
			shellScript = "\"${SRCROOT}/Pods/Pods-EBStepCounter-resources.sh\"\n";
			showEnvVarsInLog = 0;
		};
		E8E555AFCE29481182E85108 /* Check Pods Manifest.lock */ = {
			isa = PBXShellScriptBuildPhase;
			buildActionMask = 2147483647;
			files = (
			);
			inputPaths = (
			);
			name = "Check Pods Manifest.lock";
			outputPaths = (
			);
			runOnlyForDeploymentPostprocessing = 0;
			shellPath = /bin/sh;
			shellScript = "diff \"${PODS_ROOT}/../Podfile.lock\" \"${PODS_ROOT}/Manifest.lock\" > /dev/null\nif [[ $? != 0 ]] ; then\n    cat << EOM\nerror: The sandbox is not in sync with the Podfile.lock. Run 'pod install' or update your CocoaPods installation.\nEOM\n    exit 1\nfi\n";
			showEnvVarsInLog = 0;
		};
/* End PBXShellScriptBuildPhase section */

/* Begin PBXSourcesBuildPhase section */
		84CBBB8418DF190000992502 /* Sources */ = {
			isa = PBXSourcesBuildPhase;
			buildActionMask = 2147483647;
			files = (
				844EDA2719AB45F400198944 /* EBWeatherManager.m in Sources */,
				84B661C9199DE035000E525B /* EBDBManager.m in Sources */,
				846E531219A0287200F46AF8 /* NSString+dateTranser.m in Sources */,
				8443D67218DF2738000575E3 /* EBStepManager.m in Sources */,
				84C25E9F199E163E0008097B /* EBDBManager+Action.m in Sources */,
				8443D67C18DF2C6E000575E3 /* EBM7Manager.m in Sources */,
				8461F14C19A04993002BB5AD /* EBStepManager+backgroundRunning.m in Sources */,
				8443D66F18DF267F000575E3 /* EBAccelerometerFilter.m in Sources */,
				848E4E9E199B409000934B3A /* EBViewController.m in Sources */,
				84CBBB9818DF190000992502 /* main.m in Sources */,
				8443D67918DF2C61000575E3 /* EBMotionManager.m in Sources */,
				84B550A519AB3C2E000D90B9 /* EBWeatherViewController.m in Sources */,
				84B661CC199DE382000E525B /* EBDBModel.xcdatamodeld in Sources */,
				84748464199DEE39009497DF /* StepEntity.m in Sources */,
				84CBBB9C18DF190000992502 /* EBAppDelegate.m in Sources */,
			);
			runOnlyForDeploymentPostprocessing = 0;
		};
		84CBBB9F18DF190000992502 /* Sources */ = {
			isa = PBXSourcesBuildPhase;
			buildActionMask = 2147483647;
			files = (
				84CBBBB118DF190000992502 /* EBStepCounterTests.m in Sources */,
			);
			runOnlyForDeploymentPostprocessing = 0;
		};
/* End PBXSourcesBuildPhase section */

/* Begin PBXTargetDependency section */
		84CBBBA918DF190000992502 /* PBXTargetDependency */ = {
			isa = PBXTargetDependency;
			target = 84CBBB8718DF190000992502 /* EBStepCounter */;
			targetProxy = 84CBBBA818DF190000992502 /* PBXContainerItemProxy */;
		};
/* End PBXTargetDependency section */

/* Begin PBXVariantGroup section */
		84CBBB9418DF190000992502 /* InfoPlist.strings */ = {
			isa = PBXVariantGroup;
			children = (
				84CBBB9518DF190000992502 /* en */,
			);
			name = InfoPlist.strings;
			sourceTree = "<group>";
		};
		84CBBBAD18DF190000992502 /* InfoPlist.strings */ = {
			isa = PBXVariantGroup;
			children = (
				84CBBBAE18DF190000992502 /* en */,
			);
			name = InfoPlist.strings;
			sourceTree = "<group>";
		};
/* End PBXVariantGroup section */

/* Begin XCBuildConfiguration section */
		84CBBBB218DF190000992502 /* Debug */ = {
			isa = XCBuildConfiguration;
			buildSettings = {
				ALWAYS_SEARCH_USER_PATHS = NO;
				CLANG_CXX_LANGUAGE_STANDARD = "gnu++0x";
				CLANG_CXX_LIBRARY = "libc++";
				CLANG_ENABLE_MODULES = YES;
				CLANG_ENABLE_OBJC_ARC = YES;
				CLANG_WARN_BOOL_CONVERSION = YES;
				CLANG_WARN_CONSTANT_CONVERSION = YES;
				CLANG_WARN_DIRECT_OBJC_ISA_USAGE = YES_ERROR;
				CLANG_WARN_EMPTY_BODY = YES;
				CLANG_WARN_ENUM_CONVERSION = YES;
				CLANG_WARN_INT_CONVERSION = YES;
				CLANG_WARN_OBJC_ROOT_CLASS = YES_ERROR;
				CLANG_WARN__DUPLICATE_METHOD_MATCH = YES;
				"CODE_SIGN_IDENTITY[sdk=iphoneos*]" = "iPhone Developer";
				COPY_PHASE_STRIP = NO;
				GCC_C_LANGUAGE_STANDARD = gnu99;
				GCC_DYNAMIC_NO_PIC = NO;
				GCC_OPTIMIZATION_LEVEL = 0;
				GCC_PREPROCESSOR_DEFINITIONS = (
					"DEBUG=1",
					"$(inherited)",
				);
				GCC_SYMBOLS_PRIVATE_EXTERN = NO;
				GCC_WARN_64_TO_32_BIT_CONVERSION = YES;
				GCC_WARN_ABOUT_RETURN_TYPE = YES_ERROR;
				GCC_WARN_UNDECLARED_SELECTOR = YES;
				GCC_WARN_UNINITIALIZED_AUTOS = YES_AGGRESSIVE;
				GCC_WARN_UNUSED_FUNCTION = YES;
				GCC_WARN_UNUSED_VARIABLE = YES;
				IPHONEOS_DEPLOYMENT_TARGET = 7.1;
				ONLY_ACTIVE_ARCH = YES;
				SDKROOT = iphoneos;
			};
			name = Debug;
		};
		84CBBBB318DF190000992502 /* Release */ = {
			isa = XCBuildConfiguration;
			buildSettings = {
				ALWAYS_SEARCH_USER_PATHS = NO;
				CLANG_CXX_LANGUAGE_STANDARD = "gnu++0x";
				CLANG_CXX_LIBRARY = "libc++";
				CLANG_ENABLE_MODULES = YES;
				CLANG_ENABLE_OBJC_ARC = YES;
				CLANG_WARN_BOOL_CONVERSION = YES;
				CLANG_WARN_CONSTANT_CONVERSION = YES;
				CLANG_WARN_DIRECT_OBJC_ISA_USAGE = YES_ERROR;
				CLANG_WARN_EMPTY_BODY = YES;
				CLANG_WARN_ENUM_CONVERSION = YES;
				CLANG_WARN_INT_CONVERSION = YES;
				CLANG_WARN_OBJC_ROOT_CLASS = YES_ERROR;
				CLANG_WARN__DUPLICATE_METHOD_MATCH = YES;
				"CODE_SIGN_IDENTITY[sdk=iphoneos*]" = "iPhone Developer";
				COPY_PHASE_STRIP = YES;
				ENABLE_NS_ASSERTIONS = NO;
				GCC_C_LANGUAGE_STANDARD = gnu99;
				GCC_WARN_64_TO_32_BIT_CONVERSION = YES;
				GCC_WARN_ABOUT_RETURN_TYPE = YES_ERROR;
				GCC_WARN_UNDECLARED_SELECTOR = YES;
				GCC_WARN_UNINITIALIZED_AUTOS = YES_AGGRESSIVE;
				GCC_WARN_UNUSED_FUNCTION = YES;
				GCC_WARN_UNUSED_VARIABLE = YES;
				IPHONEOS_DEPLOYMENT_TARGET = 7.1;
				SDKROOT = iphoneos;
				VALIDATE_PRODUCT = YES;
			};
			name = Release;
		};
		84CBBBB518DF190000992502 /* Debug */ = {
			isa = XCBuildConfiguration;
			baseConfigurationReference = 12F87F4FA0EA416F910E0601 /* Pods-EBStepCounter.xcconfig */;
			buildSettings = {
				ASSETCATALOG_COMPILER_APPICON_NAME = AppIcon;
				ASSETCATALOG_COMPILER_LAUNCHIMAGE_NAME = LaunchImage;
				CLANG_ENABLE_MODULES = YES;
				CODE_SIGN_ENTITLEMENTS = EBStepCounter/EBStepCounter.entitlements;
				CODE_SIGN_IDENTITY = "iPhone Developer: eggman qi (4RDWS489DJ)";
				"CODE_SIGN_IDENTITY[sdk=iphoneos*]" = "iPhone Developer: eggman qi (4RDWS489DJ)";
				GCC_PRECOMPILE_PREFIX_HEADER = YES;
				GCC_PREFIX_HEADER = "EBStepCounter/EBStepCounter-Prefix.pch";
				INFOPLIST_FILE = "EBStepCounter/EBStepCounter-Info.plist";
				LD_RUNPATH_SEARCH_PATHS = "$(inherited) @executable_path/Frameworks";
				PRODUCT_NAME = "$(TARGET_NAME)";
				PROVISIONING_PROFILE = "a9e6ab4d-0924-486d-aabc-78225ab4b4a3";
				SWIFT_OBJC_BRIDGING_HEADER = "EBStepCounter/Manager/EBStepCounter-Bridging-Header.h";
				SWIFT_OPTIMIZATION_LEVEL = "-Onone";
				VALID_ARCHS = "armv7 armv7s";
				WRAPPER_EXTENSION = app;
			};
			name = Debug;
		};
		84CBBBB618DF190000992502 /* Release */ = {
			isa = XCBuildConfiguration;
			baseConfigurationReference = 12F87F4FA0EA416F910E0601 /* Pods-EBStepCounter.xcconfig */;
			buildSettings = {
				ASSETCATALOG_COMPILER_APPICON_NAME = AppIcon;
				ASSETCATALOG_COMPILER_LAUNCHIMAGE_NAME = LaunchImage;
				CLANG_ENABLE_MODULES = YES;
				CODE_SIGN_ENTITLEMENTS = EBStepCounter/EBStepCounter.entitlements;
				CODE_SIGN_IDENTITY = "iPhone Developer: eggman qi (4RDWS489DJ)";
				"CODE_SIGN_IDENTITY[sdk=iphoneos*]" = "iPhone Developer: eggman qi (4RDWS489DJ)";
				GCC_PRECOMPILE_PREFIX_HEADER = YES;
				GCC_PREFIX_HEADER = "EBStepCounter/EBStepCounter-Prefix.pch";
				INFOPLIST_FILE = "EBStepCounter/EBStepCounter-Info.plist";
				LD_RUNPATH_SEARCH_PATHS = "$(inherited) @executable_path/Frameworks";
				PRODUCT_NAME = "$(TARGET_NAME)";
				PROVISIONING_PROFILE = "a9e6ab4d-0924-486d-aabc-78225ab4b4a3";
				SWIFT_OBJC_BRIDGING_HEADER = "EBStepCounter/Manager/EBStepCounter-Bridging-Header.h";
				VALID_ARCHS = "armv7 armv7s";
				WRAPPER_EXTENSION = app;
			};
			name = Release;
		};
		84CBBBB818DF190000992502 /* Debug */ = {
			isa = XCBuildConfiguration;
			buildSettings = {
				BUNDLE_LOADER = "$(BUILT_PRODUCTS_DIR)/EBStepCounter.app/EBStepCounter";
				FRAMEWORK_SEARCH_PATHS = (
					"$(SDKROOT)/Developer/Library/Frameworks",
					"$(inherited)",
					"$(DEVELOPER_FRAMEWORKS_DIR)",
				);
				GCC_PRECOMPILE_PREFIX_HEADER = YES;
				GCC_PREFIX_HEADER = "EBStepCounter/EBStepCounter-Prefix.pch";
				GCC_PREPROCESSOR_DEFINITIONS = (
					"DEBUG=1",
					"$(inherited)",
				);
				INFOPLIST_FILE = "EBStepCounterTests/EBStepCounterTests-Info.plist";
				PRODUCT_NAME = "$(TARGET_NAME)";
				TEST_HOST = "$(BUNDLE_LOADER)";
				WRAPPER_EXTENSION = xctest;
			};
			name = Debug;
		};
		84CBBBB918DF190000992502 /* Release */ = {
			isa = XCBuildConfiguration;
			buildSettings = {
				BUNDLE_LOADER = "$(BUILT_PRODUCTS_DIR)/EBStepCounter.app/EBStepCounter";
				FRAMEWORK_SEARCH_PATHS = (
					"$(SDKROOT)/Developer/Library/Frameworks",
					"$(inherited)",
					"$(DEVELOPER_FRAMEWORKS_DIR)",
				);
				GCC_PRECOMPILE_PREFIX_HEADER = YES;
				GCC_PREFIX_HEADER = "EBStepCounter/EBStepCounter-Prefix.pch";
				INFOPLIST_FILE = "EBStepCounterTests/EBStepCounterTests-Info.plist";
				PRODUCT_NAME = "$(TARGET_NAME)";
				TEST_HOST = "$(BUNDLE_LOADER)";
				WRAPPER_EXTENSION = xctest;
			};
			name = Release;
		};
/* End XCBuildConfiguration section */

/* Begin XCConfigurationList section */
		84CBBB8318DF190000992502 /* Build configuration list for PBXProject "EBStepCounter" */ = {
			isa = XCConfigurationList;
			buildConfigurations = (
				84CBBBB218DF190000992502 /* Debug */,
				84CBBBB318DF190000992502 /* Release */,
			);
			defaultConfigurationIsVisible = 0;
			defaultConfigurationName = Release;
		};
		84CBBBB418DF190000992502 /* Build configuration list for PBXNativeTarget "EBStepCounter" */ = {
			isa = XCConfigurationList;
			buildConfigurations = (
				84CBBBB518DF190000992502 /* Debug */,
				84CBBBB618DF190000992502 /* Release */,
			);
			defaultConfigurationIsVisible = 0;
			defaultConfigurationName = Release;
		};
		84CBBBB718DF190000992502 /* Build configuration list for PBXNativeTarget "EBStepCounterTests" */ = {
			isa = XCConfigurationList;
			buildConfigurations = (
				84CBBBB818DF190000992502 /* Debug */,
				84CBBBB918DF190000992502 /* Release */,
			);
			defaultConfigurationIsVisible = 0;
			defaultConfigurationName = Release;
		};
/* End XCConfigurationList section */

/* Begin XCVersionGroup section */
		84B661CA199DE382000E525B /* EBDBModel.xcdatamodeld */ = {
			isa = XCVersionGroup;
			children = (
				84B661CB199DE382000E525B /* EBDBModel.xcdatamodel */,
			);
			currentVersion = 84B661CB199DE382000E525B /* EBDBModel.xcdatamodel */;
			path = EBDBModel.xcdatamodeld;
			sourceTree = "<group>";
			versionGroupType = wrapper.xcdatamodel;
		};
/* End XCVersionGroup section */
	};
	rootObject = 84CBBB8018DF190000992502 /* Project object */;
}
